Microsoft Visual Studio Solution File, Format Version 12.00
# Visual Studio Version 17
VisualStudioVersion = 17.5.2.0
MinimumVisualStudioVersion = 10.0.40219.1
Project("{FAE04EC0-301F-11D3-BF4B-00C04F79EFBC}") = "MeshMaker", "MeshMaker.csproj", "{F6E561B8-8C2E-5DB7-1434-23B3E1E881F2}"
EndProject
Global
	GlobalSection(SolutionConfigurationPlatforms) = preSolution
		Debug|Any CPU = Debug|Any CPU
		Release|Any CPU = Release|Any CPU
	EndGlobalSection
	GlobalSection(ProjectConfigurationPlatforms) = postSolution
		{F6E561B8-8C2E-5DB7-1434-23B3E1E881F2}.Debug|Any CPU.ActiveCfg = Debug|Any CPU
		{F6E561B8-8C2E-5DB7-1434-23B3E1E881F2}.Debug|Any CPU.Build.0 = Debug|Any CPU
		{F6E561B8-8C2E-5DB7-1434-23B3E1E881F2}.Release|Any CPU.ActiveCfg = Release|Any CPU
		{F6E561B8-8C2E-5DB7-1434-23B3E1E881F2}.Release|Any CPU.Build.0 = Release|Any CPU
	EndGlobalSection
	GlobalSection(SolutionProperties) = preSolution
		HideSolutionNode = FALSE
	EndGlobalSection
	GlobalSection(ExtensibilityGlobals) = postSolution
		SolutionGuid = {8892B38A-41DD-4027-9C66-B0F2452C4631}
	EndGlobalSection
EndGlobal
