// !$*UTF8*$!
{
	archiveVersion = 1;
	classes = {
	};
	objectVersion = 46;
	objects = {

/* Begin PBXBuildFile section */
		A79A60641583D84900752C25 /* main.cpp in Sources */ = {isa = PBXBuildFile; fileRef = A79A60631583D84900752C25 /* main.cpp */; };
		A79A606D1583DD8400752C25 /* kernel.cl in Sources */ = {isa = PBXBuildFile; fileRef = A79A606C1583DD8400752C25 /* kernel.cl */; };
		A79A60711583DDD300752C25 /* OpenCL.framework in Frameworks */ = {isa = PBXBuildFile; fileRef = A79A606E1583DDB900752C25 /* OpenCL.framework */; };
		A79A60731583DE9B00752C25 /* kernel.cl in CopyFiles */ = {isa = PBXBuildFile; fileRef = A79A606C1583DD8400752C25 /* kernel.cl */; };
/* End PBXBuildFile section */

/* Begin PBXCopyFilesBuildPhase section */
		A79A60721583DE7C00752C25 /* CopyFiles */ = {
			isa = PBXCopyFilesBuildPhase;
			buildActionMask = 2147483647;
			dstPath = "";
			dstSubfolderSpec = 6;
			files = (
				A79A60731583DE9B00752C25 /* kernel.cl in CopyFiles */,
			);
			runOnlyForDeploymentPostprocessing = 0;
		};
/* End PBXCopyFilesBuildPhase section */

/* Begin PBXFileReference section */
		A79A605F1583D84900752C25 /* OpenCLPlayground */ = {isa = PBXFileReference; explicitFileType = "compiled.mach-o.executable"; includeInIndex = 0; path = OpenCLPlayground; sourceTree = BUILT_PRODUCTS_DIR; };
		A79A60631583D84900752C25 /* main.cpp */ = {isa = PBXFileReference; lastKnownFileType = sourcecode.cpp.cpp; path = main.cpp; sourceTree = "<group>"; };
		A79A606C1583DD8400752C25 /* kernel.cl */ = {isa = PBXFileReference; fileEncoding = 4; lastKnownFileType = sourcecode.opencl; path = kernel.cl; sourceTree = "<group>"; };
		A79A606E1583DDB900752C25 /* OpenCL.framework */ = {isa = PBXFileReference; lastKnownFileType = wrapper.framework; name = OpenCL.framework; path = System/Library/Frameworks/OpenCL.framework; sourceTree = SDKROOT; };
/* End PBXFileReference section */

/* Begin PBXFrameworksBuildPhase section */
		A79A605C1583D84900752C25 /* Frameworks */ = {
			isa = PBXFrameworksBuildPhase;
			buildActionMask = 2147483647;
			files = (
				A79A60711583DDD300752C25 /* OpenCL.framework in Frameworks */,
			);
			runOnlyForDeploymentPostprocessing = 0;
		};
/* End PBXFrameworksBuildPhase section */

/* Begin PBXGroup section */
		A79A60541583D84800752C25 = {
			isa = PBXGroup;
			children = (
				A79A60621583D84900752C25 /* OpenCLPlayground */,
				A79A60701583DDBE00752C25 /* Frameworks */,
				A79A60601583D84900752C25 /* Products */,
			);
			sourceTree = "<group>";
		};
		A79A60601583D84900752C25 /* Products */ = {
			isa = PBXGroup;
			children = (
				A79A605F1583D84900752C25 /* OpenCLPlayground */,
			);
			name = Products;
			sourceTree = "<group>";
		};
		A79A60621583D84900752C25 /* OpenCLPlayground */ = {
			isa = PBXGroup;
			children = (
				A79A60631583D84900752C25 /* main.cpp */,
				A79A606C1583DD8400752C25 /* kernel.cl */,
			);
			path = OpenCLPlayground;
			sourceTree = "<group>";
		};
		A79A60701583DDBE00752C25 /* Frameworks */ = {
			isa = PBXGroup;
			children = (
				A79A606E1583DDB900752C25 /* OpenCL.framework */,
			);
			name = Frameworks;
			sourceTree = "<group>";
		};
/* End PBXGroup section */

/* Begin PBXNativeTarget section */
		A79A605E1583D84900752C25 /* OpenCLPlayground */ = {
			isa = PBXNativeTarget;
			buildConfigurationList = A79A60691583D84900752C25 /* Build configuration list for PBXNativeTarget "OpenCLPlayground" */;
			buildPhases = (
				A79A605B1583D84900752C25 /* Sources */,
				A79A605C1583D84900752C25 /* Frameworks */,
				A79A60721583DE7C00752C25 /* CopyFiles */,
			);
			buildRules = (
			);
			dependencies = (
			);
			name = OpenCLPlayground;
			productName = OpenCLPlayground;
			productReference = A79A605F1583D84900752C25 /* OpenCLPlayground */;
			productType = "com.apple.product-type.tool";
		};
/* End PBXNativeTarget section */

/* Begin PBXProject section */
		A79A60561583D84800752C25 /* Project object */ = {
			isa = PBXProject;
			attributes = {
				LastUpgradeCheck = 0430;
			};
			buildConfigurationList = A79A60591583D84800752C25 /* Build configuration list for PBXProject "OpenCLPlayground" */;
			compatibilityVersion = "Xcode 3.2";
			developmentRegion = English;
			hasScannedForEncodings = 0;
			knownRegions = (
				en,
			);
			mainGroup = A79A60541583D84800752C25;
			productRefGroup = A79A60601583D84900752C25 /* Products */;
			projectDirPath = "";
			projectRoot = "";
			targets = (
				A79A605E1583D84900752C25 /* OpenCLPlayground */,
			);
		};
/* End PBXProject section */

/* Begin PBXSourcesBuildPhase section */
		A79A605B1583D84900752C25 /* Sources */ = {
			isa = PBXSourcesBuildPhase;
			buildActionMask = 2147483647;
			files = (
				A79A60641583D84900752C25 /* main.cpp in Sources */,
				A79A606D1583DD8400752C25 /* kernel.cl in Sources */,
			);
			runOnlyForDeploymentPostprocessing = 0;
		};
/* End PBXSourcesBuildPhase section */

/* Begin XCBuildConfiguration section */
		A79A60671583D84900752C25 /* Debug */ = {
			isa = XCBuildConfiguration;
			buildSettings = {
				ALWAYS_SEARCH_USER_PATHS = NO;
				ARCHS = "$(ARCHS_STANDARD_64_BIT)";
				CLANG_ENABLE_OBJC_ARC = YES;
				COPY_PHASE_STRIP = NO;
				GCC_C_LANGUAGE_STANDARD = gnu99;
				GCC_DYNAMIC_NO_PIC = NO;
				GCC_ENABLE_OBJC_EXCEPTIONS = YES;
				GCC_OPTIMIZATION_LEVEL = 0;
				GCC_PREPROCESSOR_DEFINITIONS = (
					"DEBUG=1",
					"$(inherited)",
				);
				GCC_SYMBOLS_PRIVATE_EXTERN = NO;
				GCC_VERSION = com.apple.compilers.llvm.clang.1_0;
				GCC_WARN_64_TO_32_BIT_CONVERSION = YES;
				GCC_WARN_ABOUT_RETURN_TYPE = YES;
				GCC_WARN_UNINITIALIZED_AUTOS = YES;
				GCC_WARN_UNUSED_VARIABLE = YES;
				MACOSX_DEPLOYMENT_TARGET = 10.7;
				ONLY_ACTIVE_ARCH = YES;
				SDKROOT = macosx;
			};
			name = Debug;
		};
		A79A60681583D84900752C25 /* Release */ = {
			isa = XCBuildConfiguration;
			buildSettings = {
				ALWAYS_SEARCH_USER_PATHS = NO;
				ARCHS = "$(ARCHS_STANDARD_64_BIT)";
				CLANG_ENABLE_OBJC_ARC = YES;
				COPY_PHASE_STRIP = YES;
				DEBUG_INFORMATION_FORMAT = "dwarf-with-dsym";
				GCC_C_LANGUAGE_STANDARD = gnu99;
				GCC_ENABLE_OBJC_EXCEPTIONS = YES;
				GCC_VERSION = com.apple.compilers.llvm.clang.1_0;
				GCC_WARN_64_TO_32_BIT_CONVERSION = YES;
				GCC_WARN_ABOUT_RETURN_TYPE = YES;
				GCC_WARN_UNINITIALIZED_AUTOS = YES;
				GCC_WARN_UNUSED_VARIABLE = YES;
				MACOSX_DEPLOYMENT_TARGET = 10.7;
				SDKROOT = macosx;
			};
			name = Release;
		};
		A79A606A1583D84900752C25 /* Debug */ = {
			isa = XCBuildConfiguration;
			buildSettings = {
				PRODUCT_NAME = "$(TARGET_NAME)";
			};
			name = Debug;
		};
		A79A606B1583D84900752C25 /* Release */ = {
			isa = XCBuildConfiguration;
			buildSettings = {
				PRODUCT_NAME = "$(TARGET_NAME)";
			};
			name = Release;
		};
/* End XCBuildConfiguration section */

/* Begin XCConfigurationList section */
		A79A60591583D84800752C25 /* Build configuration list for PBXProject "OpenCLPlayground" */ = {
			isa = XCConfigurationList;
			buildConfigurations = (
				A79A60671583D84900752C25 /* Debug */,
				A79A60681583D84900752C25 /* Release */,
			);
			defaultConfigurationIsVisible = 0;
			defaultConfigurationName = Release;
		};
		A79A60691583D84900752C25 /* Build configuration list for PBXNativeTarget "OpenCLPlayground" */ = {
			isa = XCConfigurationList;
			buildConfigurations = (
				A79A606A1583D84900752C25 /* Debug */,
				A79A606B1583D84900752C25 /* Release */,
			);
			defaultConfigurationIsVisible = 0;
		};
/* End XCConfigurationList section */
	};
	rootObject = A79A60561583D84800752C25 /* Project object */;
}
