// !$*UTF8*$!
{
	archiveVersion = 1;
	classes = {
	};
	objectVersion = 45;
	objects = {

/* Begin PBXBuildFile section */
		1DDD582C0DA1D0D100B32029 /* MyDocument.xib in Resources */ = {isa = PBXBuildFile; fileRef = 1DDD58280DA1D0D100B32029 /* MyDocument.xib */; };
		1DDD582D0DA1D0D100B32029 /* MainMenu.xib in Resources */ = {isa = PBXBuildFile; fileRef = 1DDD582A0DA1D0D100B32029 /* MainMenu.xib */; };
		8D15AC2C0486D014006FF6A4 /* Credits.rtf in Resources */ = {isa = PBXBuildFile; fileRef = 2A37F4B9FDCFA73011CA2CEA /* Credits.rtf */; };
		8D15AC2F0486D014006FF6A4 /* InfoPlist.strings in Resources */ = {isa = PBXBuildFile; fileRef = 089C165FFE840EACC02AAC07 /* InfoPlist.strings */; };
		8D15AC310486D014006FF6A4 /* MyDocument.mm in Sources */ = {isa = PBXBuildFile; fileRef = 2A37F4ACFDCFA73011CA2CEA /* MyDocument.mm */; settings = {ATTRIBUTES = (); }; };
		8D15AC320486D014006FF6A4 /* main.m in Sources */ = {isa = PBXBuildFile; fileRef = 2A37F4B0FDCFA73011CA2CEA /* main.m */; settings = {ATTRIBUTES = (); }; };
		8D15AC340486D014006FF6A4 /* Cocoa.framework in Frameworks */ = {isa = PBXBuildFile; fileRef = 1058C7A7FEA54F5311CA2CBB /* Cocoa.framework */; };
		A754C3FA0FF92E9100A48E13 /* Camera.cpp in Sources */ = {isa = PBXBuildFile; fileRef = A754C3EE0FF92E9100A48E13 /* Camera.cpp */; };
		A754C3FB0FF92E9100A48E13 /* Matrix4x4.cpp in Sources */ = {isa = PBXBuildFile; fileRef = A754C3F20FF92E9100A48E13 /* Matrix4x4.cpp */; };
		A754C3FC0FF92E9100A48E13 /* Quaternion.cpp in Sources */ = {isa = PBXBuildFile; fileRef = A754C3F40FF92E9100A48E13 /* Quaternion.cpp */; };
		A754C3FD0FF92E9100A48E13 /* Vector2D.cpp in Sources */ = {isa = PBXBuildFile; fileRef = A754C3F60FF92E9100A48E13 /* Vector2D.cpp */; };
		A754C3FE0FF92E9100A48E13 /* Vector3D.cpp in Sources */ = {isa = PBXBuildFile; fileRef = A754C3F80FF92E9100A48E13 /* Vector3D.cpp */; };
		A754C40B0FF92EE300A48E13 /* OpenGLSceneView.mm in Sources */ = {isa = PBXBuildFile; fileRef = A754C40A0FF92EE300A48E13 /* OpenGLSceneView.mm */; };
		A754C4170FF92F2800A48E13 /* Item.mm in Sources */ = {isa = PBXBuildFile; fileRef = A754C40D0FF92F2800A48E13 /* Item.mm */; };
		A754C4180FF92F2800A48E13 /* ItemCollection.mm in Sources */ = {isa = PBXBuildFile; fileRef = A754C40F0FF92F2800A48E13 /* ItemCollection.mm */; };
		A754C4190FF92F2800A48E13 /* Manipulator.mm in Sources */ = {isa = PBXBuildFile; fileRef = A754C4110FF92F2800A48E13 /* Manipulator.mm */; };
		A754C41A0FF92F2800A48E13 /* ManipulatorWidget.mm in Sources */ = {isa = PBXBuildFile; fileRef = A754C4130FF92F2800A48E13 /* ManipulatorWidget.mm */; };
		A754C41B0FF92F2800A48E13 /* OpenGLDrawing.cpp in Sources */ = {isa = PBXBuildFile; fileRef = A754C4140FF92F2800A48E13 /* OpenGLDrawing.cpp */; };
		A754C41E0FF92F8600A48E13 /* OpenGL.framework in Frameworks */ = {isa = PBXBuildFile; fileRef = A754C41D0FF92F8600A48E13 /* OpenGL.framework */; };
		A754C4220FF92F9400A48E13 /* GLUT.framework in Frameworks */ = {isa = PBXBuildFile; fileRef = A754C4210FF92F9400A48E13 /* GLUT.framework */; };
		A792CF371020C3EB00D02F86 /* Mesh.mm in Sources */ = {isa = PBXBuildFile; fileRef = A792CF361020C3EB00D02F86 /* Mesh.mm */; };
		A7A96A5E10223024003110A1 /* MeshTest.mm in Sources */ = {isa = PBXBuildFile; fileRef = A7A96A0410222CCC003110A1 /* MeshTest.mm */; };
		A7C8600C10135C700032DC33 /* Plane.cpp in Sources */ = {isa = PBXBuildFile; fileRef = A7C8600B10135C700032DC33 /* Plane.cpp */; };
/* End PBXBuildFile section */

/* Begin PBXContainerItemProxy section */
		A7A96A4D10222F1D003110A1 /* PBXContainerItemProxy */ = {
			isa = PBXContainerItemProxy;
			containerPortal = 2A37F4A9FDCFA73011CA2CEA /* Project object */;
			proxyType = 1;
			remoteGlobalIDString = 8D15AC270486D014006FF6A4 /* OpenGLEditor */;
			remoteInfo = OpenGLEditor;
		};
/* End PBXContainerItemProxy section */

/* Begin PBXFileReference section */
		089C1660FE840EACC02AAC07 /* English */ = {isa = PBXFileReference; fileEncoding = 10; lastKnownFileType = text.plist.strings; name = English; path = English.lproj/InfoPlist.strings; sourceTree = "<group>"; };
		1058C7A7FEA54F5311CA2CBB /* Cocoa.framework */ = {isa = PBXFileReference; lastKnownFileType = wrapper.framework; name = Cocoa.framework; path = /System/Library/Frameworks/Cocoa.framework; sourceTree = "<absolute>"; };
		13E42FBA07B3F13500E4EEF1 /* CoreData.framework */ = {isa = PBXFileReference; lastKnownFileType = wrapper.framework; name = CoreData.framework; path = /System/Library/Frameworks/CoreData.framework; sourceTree = "<absolute>"; };
		1DDD58290DA1D0D100B32029 /* English */ = {isa = PBXFileReference; lastKnownFileType = file.xib; name = English; path = English.lproj/MyDocument.xib; sourceTree = "<group>"; };
		1DDD582B0DA1D0D100B32029 /* English */ = {isa = PBXFileReference; lastKnownFileType = file.xib; name = English; path = English.lproj/MainMenu.xib; sourceTree = "<group>"; };
		2A37F4ACFDCFA73011CA2CEA /* MyDocument.mm */ = {isa = PBXFileReference; fileEncoding = 4; lastKnownFileType = sourcecode.cpp.objcpp; path = MyDocument.mm; sourceTree = "<group>"; };
		2A37F4AEFDCFA73011CA2CEA /* MyDocument.h */ = {isa = PBXFileReference; fileEncoding = 4; lastKnownFileType = sourcecode.c.h; path = MyDocument.h; sourceTree = "<group>"; };
		2A37F4B0FDCFA73011CA2CEA /* main.m */ = {isa = PBXFileReference; fileEncoding = 4; lastKnownFileType = sourcecode.c.objc; path = main.m; sourceTree = "<group>"; };
		2A37F4BAFDCFA73011CA2CEA /* English */ = {isa = PBXFileReference; lastKnownFileType = text.rtf; name = English; path = English.lproj/Credits.rtf; sourceTree = "<group>"; };
		2A37F4C4FDCFA73011CA2CEA /* AppKit.framework */ = {isa = PBXFileReference; lastKnownFileType = wrapper.framework; name = AppKit.framework; path = /System/Library/Frameworks/AppKit.framework; sourceTree = "<absolute>"; };
		2A37F4C5FDCFA73011CA2CEA /* Foundation.framework */ = {isa = PBXFileReference; lastKnownFileType = wrapper.framework; name = Foundation.framework; path = /System/Library/Frameworks/Foundation.framework; sourceTree = "<absolute>"; };
		32DBCF750370BD2300C91783 /* OpenGLEditor_Prefix.pch */ = {isa = PBXFileReference; fileEncoding = 4; lastKnownFileType = sourcecode.c.h; path = OpenGLEditor_Prefix.pch; sourceTree = "<group>"; };
		8D15AC360486D014006FF6A4 /* Info.plist */ = {isa = PBXFileReference; fileEncoding = 4; lastKnownFileType = text.plist.xml; path = Info.plist; sourceTree = "<group>"; };
		8D15AC370486D014006FF6A4 /* OpenGLEditor.app */ = {isa = PBXFileReference; explicitFileType = wrapper.application; includeInIndex = 0; path = OpenGLEditor.app; sourceTree = BUILT_PRODUCTS_DIR; };
		A754C3EE0FF92E9100A48E13 /* Camera.cpp */ = {isa = PBXFileReference; fileEncoding = 4; lastKnownFileType = sourcecode.cpp.cpp; path = Camera.cpp; sourceTree = "<group>"; };
		A754C3EF0FF92E9100A48E13 /* Camera.h */ = {isa = PBXFileReference; fileEncoding = 4; lastKnownFileType = sourcecode.c.h; path = Camera.h; sourceTree = "<group>"; };
		A754C3F00FF92E9100A48E13 /* MathDeclaration.h */ = {isa = PBXFileReference; fileEncoding = 4; lastKnownFileType = sourcecode.c.h; path = MathDeclaration.h; sourceTree = "<group>"; };
		A754C3F10FF92E9100A48E13 /* MathForwardDeclaration.h */ = {isa = PBXFileReference; fileEncoding = 4; lastKnownFileType = sourcecode.c.h; path = MathForwardDeclaration.h; sourceTree = "<group>"; };
		A754C3F20FF92E9100A48E13 /* Matrix4x4.cpp */ = {isa = PBXFileReference; fileEncoding = 4; lastKnownFileType = sourcecode.cpp.cpp; path = Matrix4x4.cpp; sourceTree = "<group>"; };
		A754C3F30FF92E9100A48E13 /* Matrix4x4.h */ = {isa = PBXFileReference; fileEncoding = 4; lastKnownFileType = sourcecode.c.h; path = Matrix4x4.h; sourceTree = "<group>"; };
		A754C3F40FF92E9100A48E13 /* Quaternion.cpp */ = {isa = PBXFileReference; fileEncoding = 4; lastKnownFileType = sourcecode.cpp.cpp; path = Quaternion.cpp; sourceTree = "<group>"; };
		A754C3F50FF92E9100A48E13 /* Quaternion.h */ = {isa = PBXFileReference; fileEncoding = 4; lastKnownFileType = sourcecode.c.h; path = Quaternion.h; sourceTree = "<group>"; };
		A754C3F60FF92E9100A48E13 /* Vector2D.cpp */ = {isa = PBXFileReference; fileEncoding = 4; lastKnownFileType = sourcecode.cpp.cpp; path = Vector2D.cpp; sourceTree = "<group>"; };
		A754C3F70FF92E9100A48E13 /* Vector2D.h */ = {isa = PBXFileReference; fileEncoding = 4; lastKnownFileType = sourcecode.c.h; path = Vector2D.h; sourceTree = "<group>"; };
		A754C3F80FF92E9100A48E13 /* Vector3D.cpp */ = {isa = PBXFileReference; fileEncoding = 4; lastKnownFileType = sourcecode.cpp.cpp; path = Vector3D.cpp; sourceTree = "<group>"; };
		A754C3F90FF92E9100A48E13 /* Vector3D.h */ = {isa = PBXFileReference; fileEncoding = 4; lastKnownFileType = sourcecode.c.h; path = Vector3D.h; sourceTree = "<group>"; };
		A754C4090FF92EE300A48E13 /* OpenGLSceneView.h */ = {isa = PBXFileReference; fileEncoding = 4; lastKnownFileType = sourcecode.c.h; path = OpenGLSceneView.h; sourceTree = "<group>"; };
		A754C40A0FF92EE300A48E13 /* OpenGLSceneView.mm */ = {isa = PBXFileReference; fileEncoding = 4; lastKnownFileType = sourcecode.cpp.objcpp; path = OpenGLSceneView.mm; sourceTree = "<group>"; };
		A754C40C0FF92F2800A48E13 /* Item.h */ = {isa = PBXFileReference; fileEncoding = 4; lastKnownFileType = sourcecode.c.h; path = Item.h; sourceTree = "<group>"; };
		A754C40D0FF92F2800A48E13 /* Item.mm */ = {isa = PBXFileReference; fileEncoding = 4; lastKnownFileType = sourcecode.cpp.objcpp; path = Item.mm; sourceTree = "<group>"; };
		A754C40E0FF92F2800A48E13 /* ItemCollection.h */ = {isa = PBXFileReference; fileEncoding = 4; lastKnownFileType = sourcecode.c.h; path = ItemCollection.h; sourceTree = "<group>"; };
		A754C40F0FF92F2800A48E13 /* ItemCollection.mm */ = {isa = PBXFileReference; fileEncoding = 4; lastKnownFileType = sourcecode.cpp.objcpp; path = ItemCollection.mm; sourceTree = "<group>"; };
		A754C4100FF92F2800A48E13 /* Manipulator.h */ = {isa = PBXFileReference; fileEncoding = 4; lastKnownFileType = sourcecode.c.h; path = Manipulator.h; sourceTree = "<group>"; };
		A754C4110FF92F2800A48E13 /* Manipulator.mm */ = {isa = PBXFileReference; fileEncoding = 4; lastKnownFileType = sourcecode.cpp.objcpp; path = Manipulator.mm; sourceTree = "<group>"; };
		A754C4120FF92F2800A48E13 /* ManipulatorWidget.h */ = {isa = PBXFileReference; fileEncoding = 4; lastKnownFileType = sourcecode.c.h; path = ManipulatorWidget.h; sourceTree = "<group>"; };
		A754C4130FF92F2800A48E13 /* ManipulatorWidget.mm */ = {isa = PBXFileReference; fileEncoding = 4; lastKnownFileType = sourcecode.cpp.objcpp; path = ManipulatorWidget.mm; sourceTree = "<group>"; };
		A754C4140FF92F2800A48E13 /* OpenGLDrawing.cpp */ = {isa = PBXFileReference; fileEncoding = 4; lastKnownFileType = sourcecode.cpp.cpp; path = OpenGLDrawing.cpp; sourceTree = "<group>"; };
		A754C4150FF92F2800A48E13 /* OpenGLDrawing.h */ = {isa = PBXFileReference; fileEncoding = 4; lastKnownFileType = sourcecode.c.h; path = OpenGLDrawing.h; sourceTree = "<group>"; };
		A754C4160FF92F2800A48E13 /* OpenGLSelecting.h */ = {isa = PBXFileReference; fileEncoding = 4; lastKnownFileType = sourcecode.c.h; path = OpenGLSelecting.h; sourceTree = "<group>"; };
		A754C41D0FF92F8600A48E13 /* OpenGL.framework */ = {isa = PBXFileReference; lastKnownFileType = wrapper.framework; name = OpenGL.framework; path = /System/Library/Frameworks/OpenGL.framework; sourceTree = "<absolute>"; };
		A754C4210FF92F9400A48E13 /* GLUT.framework */ = {isa = PBXFileReference; lastKnownFileType = wrapper.framework; name = GLUT.framework; path = /System/Library/Frameworks/GLUT.framework; sourceTree = "<absolute>"; };
		A792CF351020C3EA00D02F86 /* Mesh.h */ = {isa = PBXFileReference; fileEncoding = 4; lastKnownFileType = sourcecode.c.h; path = Mesh.h; sourceTree = "<group>"; };
		A792CF361020C3EB00D02F86 /* Mesh.mm */ = {isa = PBXFileReference; fileEncoding = 4; lastKnownFileType = sourcecode.cpp.objcpp; path = Mesh.mm; sourceTree = "<group>"; };
		A7A969FB10222C3C003110A1 /* OpenGLEditorTests-Info.plist */ = {isa = PBXFileReference; lastKnownFileType = text.plist.xml; path = "OpenGLEditorTests-Info.plist"; sourceTree = "<group>"; };
		A7A96A0310222CCC003110A1 /* MeshTest.h */ = {isa = PBXFileReference; fileEncoding = 4; lastKnownFileType = sourcecode.c.h; path = MeshTest.h; sourceTree = "<group>"; };
		A7A96A0410222CCC003110A1 /* MeshTest.mm */ = {isa = PBXFileReference; fileEncoding = 4; lastKnownFileType = sourcecode.cpp.objcpp; path = MeshTest.mm; sourceTree = "<group>"; };
		A7A96A4810222EE2003110A1 /* Tests.octest */ = {isa = PBXFileReference; explicitFileType = wrapper.cfbundle; includeInIndex = 0; path = Tests.octest; sourceTree = BUILT_PRODUCTS_DIR; };
		A7A96A4910222EE2003110A1 /* Tests-Info.plist */ = {isa = PBXFileReference; lastKnownFileType = text.plist.xml; path = "Tests-Info.plist"; sourceTree = "<group>"; };
		A7C8600A10135C700032DC33 /* Plane.h */ = {isa = PBXFileReference; fileEncoding = 4; lastKnownFileType = sourcecode.c.h; path = Plane.h; sourceTree = "<group>"; };
		A7C8600B10135C700032DC33 /* Plane.cpp */ = {isa = PBXFileReference; fileEncoding = 4; lastKnownFileType = sourcecode.cpp.cpp; path = Plane.cpp; sourceTree = "<group>"; };
/* End PBXFileReference section */

/* Begin PBXFrameworksBuildPhase section */
		8D15AC330486D014006FF6A4 /* Frameworks */ = {
			isa = PBXFrameworksBuildPhase;
			buildActionMask = 2147483647;
			files = (
				8D15AC340486D014006FF6A4 /* Cocoa.framework in Frameworks */,
				A754C41E0FF92F8600A48E13 /* OpenGL.framework in Frameworks */,
				A754C4220FF92F9400A48E13 /* GLUT.framework in Frameworks */,
			);
			runOnlyForDeploymentPostprocessing = 0;
		};
		A7A96A4510222EE2003110A1 /* Frameworks */ = {
			isa = PBXFrameworksBuildPhase;
			buildActionMask = 2147483647;
			files = (
			);
			runOnlyForDeploymentPostprocessing = 0;
		};
/* End PBXFrameworksBuildPhase section */

/* Begin PBXGroup section */
		1058C7A6FEA54F5311CA2CBB /* Linked Frameworks */ = {
			isa = PBXGroup;
			children = (
				A754C4210FF92F9400A48E13 /* GLUT.framework */,
				A754C41D0FF92F8600A48E13 /* OpenGL.framework */,
				1058C7A7FEA54F5311CA2CBB /* Cocoa.framework */,
			);
			name = "Linked Frameworks";
			sourceTree = "<group>";
		};
		1058C7A8FEA54F5311CA2CBB /* Other Frameworks */ = {
			isa = PBXGroup;
			children = (
				2A37F4C4FDCFA73011CA2CEA /* AppKit.framework */,
				13E42FBA07B3F13500E4EEF1 /* CoreData.framework */,
				2A37F4C5FDCFA73011CA2CEA /* Foundation.framework */,
			);
			name = "Other Frameworks";
			sourceTree = "<group>";
		};
		19C28FB0FE9D524F11CA2CBB /* Products */ = {
			isa = PBXGroup;
			children = (
				8D15AC370486D014006FF6A4 /* OpenGLEditor.app */,
				A7A96A4810222EE2003110A1 /* Tests.octest */,
			);
			name = Products;
			sourceTree = "<group>";
		};
		2A37F4AAFDCFA73011CA2CEA /* OpenGLEditor */ = {
			isa = PBXGroup;
			children = (
				A7A96A2410222D21003110A1 /* TestClasses */,
				2A37F4ABFDCFA73011CA2CEA /* Classes */,
				2A37F4AFFDCFA73011CA2CEA /* Other Sources */,
				2A37F4B8FDCFA73011CA2CEA /* Resources */,
				2A37F4C3FDCFA73011CA2CEA /* Frameworks */,
				19C28FB0FE9D524F11CA2CBB /* Products */,
				A7A969FB10222C3C003110A1 /* OpenGLEditorTests-Info.plist */,
				A7A96A4910222EE2003110A1 /* Tests-Info.plist */,
			);
			name = OpenGLEditor;
			sourceTree = "<group>";
		};
		2A37F4ABFDCFA73011CA2CEA /* Classes */ = {
			isa = PBXGroup;
			children = (
				A754C40C0FF92F2800A48E13 /* Item.h */,
				A754C40D0FF92F2800A48E13 /* Item.mm */,
				A754C40E0FF92F2800A48E13 /* ItemCollection.h */,
				A754C40F0FF92F2800A48E13 /* ItemCollection.mm */,
				A754C4100FF92F2800A48E13 /* Manipulator.h */,
				A754C4110FF92F2800A48E13 /* Manipulator.mm */,
				A754C4120FF92F2800A48E13 /* ManipulatorWidget.h */,
				A754C4130FF92F2800A48E13 /* ManipulatorWidget.mm */,
				A754C4140FF92F2800A48E13 /* OpenGLDrawing.cpp */,
				A754C4150FF92F2800A48E13 /* OpenGLDrawing.h */,
				A754C4160FF92F2800A48E13 /* OpenGLSelecting.h */,
				A754C3EA0FF92E4400A48E13 /* MathCore */,
				2A37F4AEFDCFA73011CA2CEA /* MyDocument.h */,
				2A37F4ACFDCFA73011CA2CEA /* MyDocument.mm */,
				A754C4090FF92EE300A48E13 /* OpenGLSceneView.h */,
				A754C40A0FF92EE300A48E13 /* OpenGLSceneView.mm */,
				A792CF351020C3EA00D02F86 /* Mesh.h */,
				A792CF361020C3EB00D02F86 /* Mesh.mm */,
			);
			name = Classes;
			sourceTree = "<group>";
		};
		2A37F4AFFDCFA73011CA2CEA /* Other Sources */ = {
			isa = PBXGroup;
			children = (
				32DBCF750370BD2300C91783 /* OpenGLEditor_Prefix.pch */,
				2A37F4B0FDCFA73011CA2CEA /* main.m */,
			);
			name = "Other Sources";
			sourceTree = "<group>";
		};
		2A37F4B8FDCFA73011CA2CEA /* Resources */ = {
			isa = PBXGroup;
			children = (
				2A37F4B9FDCFA73011CA2CEA /* Credits.rtf */,
				8D15AC360486D014006FF6A4 /* Info.plist */,
				089C165FFE840EACC02AAC07 /* InfoPlist.strings */,
				1DDD58280DA1D0D100B32029 /* MyDocument.xib */,
				1DDD582A0DA1D0D100B32029 /* MainMenu.xib */,
			);
			name = Resources;
			sourceTree = "<group>";
		};
		2A37F4C3FDCFA73011CA2CEA /* Frameworks */ = {
			isa = PBXGroup;
			children = (
				1058C7A6FEA54F5311CA2CBB /* Linked Frameworks */,
				1058C7A8FEA54F5311CA2CBB /* Other Frameworks */,
			);
			name = Frameworks;
			sourceTree = "<group>";
		};
		A754C3EA0FF92E4400A48E13 /* MathCore */ = {
			isa = PBXGroup;
			children = (
				A754C3EE0FF92E9100A48E13 /* Camera.cpp */,
				A754C3EF0FF92E9100A48E13 /* Camera.h */,
				A754C3F00FF92E9100A48E13 /* MathDeclaration.h */,
				A754C3F10FF92E9100A48E13 /* MathForwardDeclaration.h */,
				A754C3F20FF92E9100A48E13 /* Matrix4x4.cpp */,
				A754C3F30FF92E9100A48E13 /* Matrix4x4.h */,
				A754C3F40FF92E9100A48E13 /* Quaternion.cpp */,
				A754C3F50FF92E9100A48E13 /* Quaternion.h */,
				A754C3F60FF92E9100A48E13 /* Vector2D.cpp */,
				A754C3F70FF92E9100A48E13 /* Vector2D.h */,
				A754C3F80FF92E9100A48E13 /* Vector3D.cpp */,
				A754C3F90FF92E9100A48E13 /* Vector3D.h */,
				A7C8600A10135C700032DC33 /* Plane.h */,
				A7C8600B10135C700032DC33 /* Plane.cpp */,
			);
			name = MathCore;
			sourceTree = "<group>";
		};
		A7A96A2410222D21003110A1 /* TestClasses */ = {
			isa = PBXGroup;
			children = (
				A7A96A0310222CCC003110A1 /* MeshTest.h */,
				A7A96A0410222CCC003110A1 /* MeshTest.mm */,
			);
			name = TestClasses;
			sourceTree = "<group>";
		};
/* End PBXGroup section */

/* Begin PBXNativeTarget section */
		8D15AC270486D014006FF6A4 /* OpenGLEditor */ = {
			isa = PBXNativeTarget;
			buildConfigurationList = C05733C708A9546B00998B17 /* Build configuration list for PBXNativeTarget "OpenGLEditor" */;
			buildPhases = (
				8D15AC2B0486D014006FF6A4 /* Resources */,
				8D15AC300486D014006FF6A4 /* Sources */,
				8D15AC330486D014006FF6A4 /* Frameworks */,
			);
			buildRules = (
			);
			dependencies = (
			);
			name = OpenGLEditor;
			productInstallPath = "$(HOME)/Applications";
			productName = OpenGLEditor;
			productReference = 8D15AC370486D014006FF6A4 /* OpenGLEditor.app */;
			productType = "com.apple.product-type.application";
		};
		A7A96A4710222EE2003110A1 /* Tests */ = {
			isa = PBXNativeTarget;
			buildConfigurationList = A7A96A4C10222EE3003110A1 /* Build configuration list for PBXNativeTarget "Tests" */;
			buildPhases = (
				A7A96A4310222EE2003110A1 /* Resources */,
				A7A96A4410222EE2003110A1 /* Sources */,
				A7A96A4510222EE2003110A1 /* Frameworks */,
				A7A96A4610222EE2003110A1 /* ShellScript */,
			);
			buildRules = (
			);
			dependencies = (
				A7A96A4E10222F1D003110A1 /* PBXTargetDependency */,
			);
			name = Tests;
			productName = Tests;
			productReference = A7A96A4810222EE2003110A1 /* Tests.octest */;
			productType = "com.apple.product-type.bundle";
		};
/* End PBXNativeTarget section */

/* Begin PBXProject section */
		2A37F4A9FDCFA73011CA2CEA /* Project object */ = {
			isa = PBXProject;
			buildConfigurationList = C05733CB08A9546B00998B17 /* Build configuration list for PBXProject "OpenGLEditor" */;
			compatibilityVersion = "Xcode 3.1";
			hasScannedForEncodings = 1;
			mainGroup = 2A37F4AAFDCFA73011CA2CEA /* OpenGLEditor */;
			projectDirPath = "";
			projectRoot = "";
			targets = (
				8D15AC270486D014006FF6A4 /* OpenGLEditor */,
				A7A96A4710222EE2003110A1 /* Tests */,
			);
		};
/* End PBXProject section */

/* Begin PBXResourcesBuildPhase section */
		8D15AC2B0486D014006FF6A4 /* Resources */ = {
			isa = PBXResourcesBuildPhase;
			buildActionMask = 2147483647;
			files = (
				8D15AC2C0486D014006FF6A4 /* Credits.rtf in Resources */,
				8D15AC2F0486D014006FF6A4 /* InfoPlist.strings in Resources */,
				1DDD582C0DA1D0D100B32029 /* MyDocument.xib in Resources */,
				1DDD582D0DA1D0D100B32029 /* MainMenu.xib in Resources */,
			);
			runOnlyForDeploymentPostprocessing = 0;
		};
		A7A96A4310222EE2003110A1 /* Resources */ = {
			isa = PBXResourcesBuildPhase;
			buildActionMask = 2147483647;
			files = (
			);
			runOnlyForDeploymentPostprocessing = 0;
		};
/* End PBXResourcesBuildPhase section */

/* Begin PBXShellScriptBuildPhase section */
		A7A96A4610222EE2003110A1 /* ShellScript */ = {
			isa = PBXShellScriptBuildPhase;
			buildActionMask = 2147483647;
			files = (
			);
			inputPaths = (
			);
			outputPaths = (
			);
			runOnlyForDeploymentPostprocessing = 0;
			shellPath = /bin/sh;
			shellScript = "# Run the unit tests in this test bundle.\n\"${SYSTEM_DEVELOPER_DIR}/Tools/RunUnitTests\"\n";
		};
/* End PBXShellScriptBuildPhase section */

/* Begin PBXSourcesBuildPhase section */
		8D15AC300486D014006FF6A4 /* Sources */ = {
			isa = PBXSourcesBuildPhase;
			buildActionMask = 2147483647;
			files = (
				8D15AC310486D014006FF6A4 /* MyDocument.mm in Sources */,
				8D15AC320486D014006FF6A4 /* main.m in Sources */,
				A754C3FA0FF92E9100A48E13 /* Camera.cpp in Sources */,
				A754C3FB0FF92E9100A48E13 /* Matrix4x4.cpp in Sources */,
				A754C3FC0FF92E9100A48E13 /* Quaternion.cpp in Sources */,
				A754C3FD0FF92E9100A48E13 /* Vector2D.cpp in Sources */,
				A754C3FE0FF92E9100A48E13 /* Vector3D.cpp in Sources */,
				A754C40B0FF92EE300A48E13 /* OpenGLSceneView.mm in Sources */,
				A754C4170FF92F2800A48E13 /* Item.mm in Sources */,
				A754C4180FF92F2800A48E13 /* ItemCollection.mm in Sources */,
				A754C4190FF92F2800A48E13 /* Manipulator.mm in Sources */,
				A754C41A0FF92F2800A48E13 /* ManipulatorWidget.mm in Sources */,
				A754C41B0FF92F2800A48E13 /* OpenGLDrawing.cpp in Sources */,
				A7C8600C10135C700032DC33 /* Plane.cpp in Sources */,
				A792CF371020C3EB00D02F86 /* Mesh.mm in Sources */,
			);
			runOnlyForDeploymentPostprocessing = 0;
		};
		A7A96A4410222EE2003110A1 /* Sources */ = {
			isa = PBXSourcesBuildPhase;
			buildActionMask = 2147483647;
			files = (
				A7A96A5E10223024003110A1 /* MeshTest.mm in Sources */,
			);
			runOnlyForDeploymentPostprocessing = 0;
		};
/* End PBXSourcesBuildPhase section */

/* Begin PBXTargetDependency section */
		A7A96A4E10222F1D003110A1 /* PBXTargetDependency */ = {
			isa = PBXTargetDependency;
			target = 8D15AC270486D014006FF6A4 /* OpenGLEditor */;
			targetProxy = A7A96A4D10222F1D003110A1 /* PBXContainerItemProxy */;
		};
/* End PBXTargetDependency section */

/* Begin PBXVariantGroup section */
		089C165FFE840EACC02AAC07 /* InfoPlist.strings */ = {
			isa = PBXVariantGroup;
			children = (
				089C1660FE840EACC02AAC07 /* English */,
			);
			name = InfoPlist.strings;
			sourceTree = "<group>";
		};
		1DDD58280DA1D0D100B32029 /* MyDocument.xib */ = {
			isa = PBXVariantGroup;
			children = (
				1DDD58290DA1D0D100B32029 /* English */,
			);
			name = MyDocument.xib;
			sourceTree = "<group>";
		};
		1DDD582A0DA1D0D100B32029 /* MainMenu.xib */ = {
			isa = PBXVariantGroup;
			children = (
				1DDD582B0DA1D0D100B32029 /* English */,
			);
			name = MainMenu.xib;
			sourceTree = "<group>";
		};
		2A37F4B9FDCFA73011CA2CEA /* Credits.rtf */ = {
			isa = PBXVariantGroup;
			children = (
				2A37F4BAFDCFA73011CA2CEA /* English */,
			);
			name = Credits.rtf;
			sourceTree = "<group>";
		};
/* End PBXVariantGroup section */

/* Begin XCBuildConfiguration section */
		A7A96A4A10222EE3003110A1 /* Debug */ = {
			isa = XCBuildConfiguration;
			buildSettings = {
				ALWAYS_SEARCH_USER_PATHS = NO;
				BUNDLE_LOADER = "$(BUILT_PRODUCTS_DIR)/OpenGLEditor.app/Contents/MacOS/OpenGLEditor";
				COPY_PHASE_STRIP = NO;
				FRAMEWORK_SEARCH_PATHS = "$(DEVELOPER_LIBRARY_DIR)/Frameworks";
				GCC_DYNAMIC_NO_PIC = NO;
				GCC_ENABLE_FIX_AND_CONTINUE = NO;
				GCC_ENABLE_OBJC_EXCEPTIONS = YES;
				GCC_MODEL_TUNING = G5;
				GCC_OPTIMIZATION_LEVEL = 0;
				GCC_PRECOMPILE_PREFIX_HEADER = YES;
				GCC_PREFIX_HEADER = "$(SYSTEM_LIBRARY_DIR)/Frameworks/Cocoa.framework/Headers/Cocoa.h";
				INFOPLIST_FILE = "Tests-Info.plist";
				INSTALL_PATH = "$(USER_LIBRARY_DIR)/Bundles";
				OTHER_LDFLAGS = (
					"-framework",
					Cocoa,
					"-framework",
					SenTestingKit,
				);
				PREBINDING = NO;
				PRODUCT_NAME = Tests;
				TEST_HOST = "$(BUILT_PRODUCTS_DIR)/OpenGLEditor.app/Contents/MacOS/OpenGLEditor";
				WRAPPER_EXTENSION = octest;
			};
			name = Debug;
		};
		A7A96A4B10222EE3003110A1 /* Release */ = {
			isa = XCBuildConfiguration;
			buildSettings = {
				ALWAYS_SEARCH_USER_PATHS = NO;
				BUNDLE_LOADER = "$(BUILT_PRODUCTS_DIR)/OpenGLEditor.app/Contents/MacOS/OpenGLEditor";
				COPY_PHASE_STRIP = YES;
				DEBUG_INFORMATION_FORMAT = "dwarf-with-dsym";
				FRAMEWORK_SEARCH_PATHS = "$(DEVELOPER_LIBRARY_DIR)/Frameworks";
				GCC_ENABLE_FIX_AND_CONTINUE = NO;
				GCC_ENABLE_OBJC_EXCEPTIONS = YES;
				GCC_MODEL_TUNING = G5;
				GCC_PRECOMPILE_PREFIX_HEADER = YES;
				GCC_PREFIX_HEADER = "$(SYSTEM_LIBRARY_DIR)/Frameworks/Cocoa.framework/Headers/Cocoa.h";
				INFOPLIST_FILE = "Tests-Info.plist";
				INSTALL_PATH = "$(USER_LIBRARY_DIR)/Bundles";
				OTHER_LDFLAGS = (
					"-framework",
					Cocoa,
					"-framework",
					SenTestingKit,
				);
				PREBINDING = NO;
				PRODUCT_NAME = Tests;
				TEST_HOST = "$(BUILT_PRODUCTS_DIR)/OpenGLEditor.app/Contents/MacOS/OpenGLEditor";
				WRAPPER_EXTENSION = octest;
				ZERO_LINK = NO;
			};
			name = Release;
		};
		C05733C808A9546B00998B17 /* Debug */ = {
			isa = XCBuildConfiguration;
			buildSettings = {
				ALWAYS_SEARCH_USER_PATHS = NO;
				COPY_PHASE_STRIP = NO;
				GCC_DYNAMIC_NO_PIC = NO;
				GCC_ENABLE_FIX_AND_CONTINUE = YES;
				GCC_MODEL_TUNING = G5;
				GCC_OPTIMIZATION_LEVEL = 0;
				GCC_PRECOMPILE_PREFIX_HEADER = YES;
				GCC_PREFIX_HEADER = OpenGLEditor_Prefix.pch;
				INFOPLIST_FILE = Info.plist;
				INSTALL_PATH = "$(HOME)/Applications";
				PRODUCT_NAME = OpenGLEditor;
			};
			name = Debug;
		};
		C05733C908A9546B00998B17 /* Release */ = {
			isa = XCBuildConfiguration;
			buildSettings = {
				ALWAYS_SEARCH_USER_PATHS = NO;
				DEBUG_INFORMATION_FORMAT = "dwarf-with-dsym";
				GCC_MODEL_TUNING = G5;
				GCC_PRECOMPILE_PREFIX_HEADER = YES;
				GCC_PREFIX_HEADER = OpenGLEditor_Prefix.pch;
				INFOPLIST_FILE = Info.plist;
				INSTALL_PATH = "$(HOME)/Applications";
				PRODUCT_NAME = OpenGLEditor;
			};
			name = Release;
		};
		C05733CC08A9546B00998B17 /* Debug */ = {
			isa = XCBuildConfiguration;
			buildSettings = {
				ARCHS = "$(ARCHS_STANDARD_32_BIT)";
				GCC_C_LANGUAGE_STANDARD = c99;
				GCC_OPTIMIZATION_LEVEL = 0;
				GCC_WARN_ABOUT_RETURN_TYPE = YES;
				GCC_WARN_UNUSED_VARIABLE = YES;
				ONLY_ACTIVE_ARCH = YES;
				PREBINDING = NO;
				SDKROOT = macosx10.5;
			};
			name = Debug;
		};
		C05733CD08A9546B00998B17 /* Release */ = {
			isa = XCBuildConfiguration;
			buildSettings = {
				ARCHS = "$(ARCHS_STANDARD_32_BIT)";
				GCC_C_LANGUAGE_STANDARD = c99;
				GCC_WARN_ABOUT_RETURN_TYPE = YES;
				GCC_WARN_UNUSED_VARIABLE = YES;
				PREBINDING = NO;
				SDKROOT = macosx10.5;
			};
			name = Release;
		};
/* End XCBuildConfiguration section */

/* Begin XCConfigurationList section */
		A7A96A4C10222EE3003110A1 /* Build configuration list for PBXNativeTarget "Tests" */ = {
			isa = XCConfigurationList;
			buildConfigurations = (
				A7A96A4A10222EE3003110A1 /* Debug */,
				A7A96A4B10222EE3003110A1 /* Release */,
			);
			defaultConfigurationIsVisible = 0;
			defaultConfigurationName = Release;
		};
		C05733C708A9546B00998B17 /* Build configuration list for PBXNativeTarget "OpenGLEditor" */ = {
			isa = XCConfigurationList;
			buildConfigurations = (
				C05733C808A9546B00998B17 /* Debug */,
				C05733C908A9546B00998B17 /* Release */,
			);
			defaultConfigurationIsVisible = 0;
			defaultConfigurationName = Release;
		};
		C05733CB08A9546B00998B17 /* Build configuration list for PBXProject "OpenGLEditor" */ = {
			isa = XCConfigurationList;
			buildConfigurations = (
				C05733CC08A9546B00998B17 /* Debug */,
				C05733CD08A9546B00998B17 /* Release */,
			);
			defaultConfigurationIsVisible = 0;
			defaultConfigurationName = Release;
		};
/* End XCConfigurationList section */
	};
	rootObject = 2A37F4A9FDCFA73011CA2CEA /* Project object */;
}
