// !$*UTF8*$!
{
	archiveVersion = 1;
	classes = {
	};
	objectVersion = 46;
	objects = {

/* Begin PBXBuildFile section */
		1DDD582C0DA1D0D100B32029 /* MyDocument.xib in Resources */ = {isa = PBXBuildFile; fileRef = 1DDD58280DA1D0D100B32029 /* MyDocument.xib */; };
		1DDD582D0DA1D0D100B32029 /* MainMenu.xib in Resources */ = {isa = PBXBuildFile; fileRef = 1DDD582A0DA1D0D100B32029 /* MainMenu.xib */; };
		8D15AC2C0486D014006FF6A4 /* Credits.rtf in Resources */ = {isa = PBXBuildFile; fileRef = 2A37F4B9FDCFA73011CA2CEA /* Credits.rtf */; };
		8D15AC2F0486D014006FF6A4 /* InfoPlist.strings in Resources */ = {isa = PBXBuildFile; fileRef = 089C165FFE840EACC02AAC07 /* InfoPlist.strings */; };
		8D15AC320486D014006FF6A4 /* main.m in Sources */ = {isa = PBXBuildFile; fileRef = 2A37F4B0FDCFA73011CA2CEA /* main.m */; settings = {ATTRIBUTES = (); }; };
		8D15AC340486D014006FF6A4 /* Cocoa.framework in Frameworks */ = {isa = PBXBuildFile; fileRef = 1058C7A7FEA54F5311CA2CBB /* Cocoa.framework */; };
		A7089381109230A1005C254E /* MeshHelpers.cpp in Sources */ = {isa = PBXBuildFile; fileRef = A7089380109230A1005C254E /* MeshHelpers.cpp */; };
		A754C41E0FF92F8600A48E13 /* OpenGL.framework in Frameworks */ = {isa = PBXBuildFile; fileRef = A754C41D0FF92F8600A48E13 /* OpenGL.framework */; };
		A754C4220FF92F9400A48E13 /* GLUT.framework in Frameworks */ = {isa = PBXBuildFile; fileRef = A754C4210FF92F9400A48E13 /* GLUT.framework */; };
		A786AF4C10B9E2EC00D65415 /* MeshFullState.mm in Sources */ = {isa = PBXBuildFile; fileRef = A786AF4B10B9E2EC00D65415 /* MeshFullState.mm */; };
		A7C6FE751090D4BD008A55E1 /* TmdModel.cpp in Sources */ = {isa = PBXBuildFile; fileRef = A7C6FE621090D4BD008A55E1 /* TmdModel.cpp */; };
		A7C6FE761090D4BD008A55E1 /* Camera.cpp in Sources */ = {isa = PBXBuildFile; fileRef = A7C6FE651090D4BD008A55E1 /* Camera.cpp */; };
		A7C6FE771090D4BD008A55E1 /* Matrix4x4.cpp in Sources */ = {isa = PBXBuildFile; fileRef = A7C6FE691090D4BD008A55E1 /* Matrix4x4.cpp */; };
		A7C6FE781090D4BD008A55E1 /* Plane.cpp in Sources */ = {isa = PBXBuildFile; fileRef = A7C6FE6B1090D4BD008A55E1 /* Plane.cpp */; };
		A7C6FE791090D4BD008A55E1 /* Quaternion.cpp in Sources */ = {isa = PBXBuildFile; fileRef = A7C6FE6D1090D4BD008A55E1 /* Quaternion.cpp */; };
		A7C6FE7A1090D4BD008A55E1 /* Vector2D.cpp in Sources */ = {isa = PBXBuildFile; fileRef = A7C6FE6F1090D4BD008A55E1 /* Vector2D.cpp */; };
		A7C6FE7B1090D4BD008A55E1 /* Vector3D.cpp in Sources */ = {isa = PBXBuildFile; fileRef = A7C6FE711090D4BD008A55E1 /* Vector3D.cpp */; };
		A7C6FE7C1090D4BD008A55E1 /* OpenGLDrawing.cpp in Sources */ = {isa = PBXBuildFile; fileRef = A7C6FE731090D4BD008A55E1 /* OpenGLDrawing.cpp */; };
		A7C6FEA31090D4E3008A55E1 /* AddItemWithStepsSheetController.m in Sources */ = {isa = PBXBuildFile; fileRef = A7C6FE8C1090D4E3008A55E1 /* AddItemWithStepsSheetController.m */; };
		A7C6FEA41090D4E3008A55E1 /* Item.mm in Sources */ = {isa = PBXBuildFile; fileRef = A7C6FE8E1090D4E3008A55E1 /* Item.mm */; };
		A7C6FEA51090D4E3008A55E1 /* ItemCollection.mm in Sources */ = {isa = PBXBuildFile; fileRef = A7C6FE901090D4E3008A55E1 /* ItemCollection.mm */; };
		A7C6FEA61090D4E3008A55E1 /* ItemManipulationState.mm in Sources */ = {isa = PBXBuildFile; fileRef = A7C6FE921090D4E3008A55E1 /* ItemManipulationState.mm */; };
		A7C6FEA71090D4E3008A55E1 /* Manipulator.mm in Sources */ = {isa = PBXBuildFile; fileRef = A7C6FE941090D4E3008A55E1 /* Manipulator.mm */; };
		A7C6FEA81090D4E3008A55E1 /* ManipulatorWidget.mm in Sources */ = {isa = PBXBuildFile; fileRef = A7C6FE961090D4E3008A55E1 /* ManipulatorWidget.mm */; };
		A7C6FEA91090D4E3008A55E1 /* Mesh.mm in Sources */ = {isa = PBXBuildFile; fileRef = A7C6FE981090D4E3008A55E1 /* Mesh.mm */; };
		A7C6FEAA1090D4E3008A55E1 /* MeshManipulationState.mm in Sources */ = {isa = PBXBuildFile; fileRef = A7C6FE9A1090D4E3008A55E1 /* MeshManipulationState.mm */; };
		A7C6FEAB1090D4E3008A55E1 /* MyDocument.mm in Sources */ = {isa = PBXBuildFile; fileRef = A7C6FE9C1090D4E3008A55E1 /* MyDocument.mm */; };
		A7C6FEAC1090D4E3008A55E1 /* OpenGLManipulatingController.mm in Sources */ = {isa = PBXBuildFile; fileRef = A7C6FE9F1090D4E3008A55E1 /* OpenGLManipulatingController.mm */; };
		A7C6FEAD1090D4E3008A55E1 /* OpenGLSceneView.mm in Sources */ = {isa = PBXBuildFile; fileRef = A7C6FEA11090D4E3008A55E1 /* OpenGLSceneView.mm */; };
		A7C6FEBB1090D539008A55E1 /* MeshTest.mm in Sources */ = {isa = PBXBuildFile; fileRef = A7C6FEB01090D4FB008A55E1 /* MeshTest.mm */; };
		A7C6FEBC1090D539008A55E1 /* MyDocumentTest.mm in Sources */ = {isa = PBXBuildFile; fileRef = A7C6FEB21090D4FB008A55E1 /* MyDocumentTest.mm */; };
		A7C6FEEA1090D627008A55E1 /* AddItemWithStepsSheet.xib in Resources */ = {isa = PBXBuildFile; fileRef = A7C6FEE81090D627008A55E1 /* AddItemWithStepsSheet.xib */; };
		A7D7733C10A77DAC0068353E /* IndexedItem.mm in Sources */ = {isa = PBXBuildFile; fileRef = A7D7733B10A77DAC0068353E /* IndexedItem.mm */; };
/* End PBXBuildFile section */

/* Begin PBXContainerItemProxy section */
		A7A96A4D10222F1D003110A1 /* PBXContainerItemProxy */ = {
			isa = PBXContainerItemProxy;
			containerPortal = 2A37F4A9FDCFA73011CA2CEA /* Project object */;
			proxyType = 1;
			remoteGlobalIDString = 8D15AC270486D014006FF6A4;
			remoteInfo = OpenGLEditor;
		};
/* End PBXContainerItemProxy section */

/* Begin PBXFileReference section */
		089C1660FE840EACC02AAC07 /* English */ = {isa = PBXFileReference; fileEncoding = 10; lastKnownFileType = text.plist.strings; name = English; path = English.lproj/InfoPlist.strings; sourceTree = "<group>"; };
		1058C7A7FEA54F5311CA2CBB /* Cocoa.framework */ = {isa = PBXFileReference; lastKnownFileType = wrapper.framework; name = Cocoa.framework; path = /System/Library/Frameworks/Cocoa.framework; sourceTree = "<absolute>"; };
		13E42FBA07B3F13500E4EEF1 /* CoreData.framework */ = {isa = PBXFileReference; lastKnownFileType = wrapper.framework; name = CoreData.framework; path = /System/Library/Frameworks/CoreData.framework; sourceTree = "<absolute>"; };
		1DDD58290DA1D0D100B32029 /* English */ = {isa = PBXFileReference; lastKnownFileType = file.xib; name = English; path = English.lproj/MyDocument.xib; sourceTree = "<group>"; };
		1DDD582B0DA1D0D100B32029 /* English */ = {isa = PBXFileReference; lastKnownFileType = file.xib; name = English; path = English.lproj/MainMenu.xib; sourceTree = "<group>"; };
		2A37F4B0FDCFA73011CA2CEA /* main.m */ = {isa = PBXFileReference; fileEncoding = 4; lastKnownFileType = sourcecode.c.objc; path = main.m; sourceTree = "<group>"; };
		2A37F4BAFDCFA73011CA2CEA /* English */ = {isa = PBXFileReference; lastKnownFileType = text.rtf; name = English; path = English.lproj/Credits.rtf; sourceTree = "<group>"; };
		2A37F4C4FDCFA73011CA2CEA /* AppKit.framework */ = {isa = PBXFileReference; lastKnownFileType = wrapper.framework; name = AppKit.framework; path = /System/Library/Frameworks/AppKit.framework; sourceTree = "<absolute>"; };
		2A37F4C5FDCFA73011CA2CEA /* Foundation.framework */ = {isa = PBXFileReference; lastKnownFileType = wrapper.framework; name = Foundation.framework; path = /System/Library/Frameworks/Foundation.framework; sourceTree = "<absolute>"; };
		32DBCF750370BD2300C91783 /* OpenGLEditor_Prefix.pch */ = {isa = PBXFileReference; fileEncoding = 4; lastKnownFileType = sourcecode.c.h; path = OpenGLEditor_Prefix.pch; sourceTree = "<group>"; };
		8D15AC360486D014006FF6A4 /* Info.plist */ = {isa = PBXFileReference; fileEncoding = 4; lastKnownFileType = text.plist.xml; path = Info.plist; sourceTree = "<group>"; };
		8D15AC370486D014006FF6A4 /* OpenGLEditor.app */ = {isa = PBXFileReference; explicitFileType = wrapper.application; includeInIndex = 0; path = OpenGLEditor.app; sourceTree = BUILT_PRODUCTS_DIR; };
		A708937F109230A1005C254E /* MeshHelpers.h */ = {isa = PBXFileReference; fileEncoding = 4; lastKnownFileType = sourcecode.c.h; path = MeshHelpers.h; sourceTree = "<group>"; };
		A7089380109230A1005C254E /* MeshHelpers.cpp */ = {isa = PBXFileReference; fileEncoding = 4; lastKnownFileType = sourcecode.cpp.cpp; path = MeshHelpers.cpp; sourceTree = "<group>"; };
		A711A9A810986B6D00F02394 /* OpenGLManipulatingModel.h */ = {isa = PBXFileReference; fileEncoding = 4; lastKnownFileType = sourcecode.c.h; path = OpenGLManipulatingModel.h; sourceTree = "<group>"; };
		A754C41D0FF92F8600A48E13 /* OpenGL.framework */ = {isa = PBXFileReference; lastKnownFileType = wrapper.framework; name = OpenGL.framework; path = /System/Library/Frameworks/OpenGL.framework; sourceTree = "<absolute>"; };
		A754C4210FF92F9400A48E13 /* GLUT.framework */ = {isa = PBXFileReference; lastKnownFileType = wrapper.framework; name = GLUT.framework; path = /System/Library/Frameworks/GLUT.framework; sourceTree = "<absolute>"; };
		A786AF4A10B9E2EC00D65415 /* MeshFullState.h */ = {isa = PBXFileReference; fileEncoding = 4; lastKnownFileType = sourcecode.c.h; path = MeshFullState.h; sourceTree = "<group>"; };
		A786AF4B10B9E2EC00D65415 /* MeshFullState.mm */ = {isa = PBXFileReference; fileEncoding = 4; lastKnownFileType = sourcecode.cpp.objcpp; path = MeshFullState.mm; sourceTree = "<group>"; };
		A7A776EF109348AC0099DB45 /* Enums.h */ = {isa = PBXFileReference; fileEncoding = 4; lastKnownFileType = sourcecode.c.h; path = Enums.h; sourceTree = "<group>"; };
		A7A96A4810222EE2003110A1 /* Tests.octest */ = {isa = PBXFileReference; explicitFileType = wrapper.cfbundle; includeInIndex = 0; path = Tests.octest; sourceTree = BUILT_PRODUCTS_DIR; };
		A7A96A4910222EE2003110A1 /* Tests-Info.plist */ = {isa = PBXFileReference; lastKnownFileType = text.plist.xml; path = "Tests-Info.plist"; sourceTree = "<group>"; };
		A7C6FE621090D4BD008A55E1 /* TmdModel.cpp */ = {isa = PBXFileReference; fileEncoding = 4; lastKnownFileType = sourcecode.cpp.cpp; path = TmdModel.cpp; sourceTree = "<group>"; };
		A7C6FE631090D4BD008A55E1 /* TmdModel.h */ = {isa = PBXFileReference; fileEncoding = 4; lastKnownFileType = sourcecode.c.h; path = TmdModel.h; sourceTree = "<group>"; };
		A7C6FE651090D4BD008A55E1 /* Camera.cpp */ = {isa = PBXFileReference; fileEncoding = 4; lastKnownFileType = sourcecode.cpp.cpp; path = Camera.cpp; sourceTree = "<group>"; };
		A7C6FE661090D4BD008A55E1 /* Camera.h */ = {isa = PBXFileReference; fileEncoding = 4; lastKnownFileType = sourcecode.c.h; path = Camera.h; sourceTree = "<group>"; };
		A7C6FE671090D4BD008A55E1 /* MathDeclaration.h */ = {isa = PBXFileReference; fileEncoding = 4; lastKnownFileType = sourcecode.c.h; path = MathDeclaration.h; sourceTree = "<group>"; };
		A7C6FE681090D4BD008A55E1 /* MathForwardDeclaration.h */ = {isa = PBXFileReference; fileEncoding = 4; lastKnownFileType = sourcecode.c.h; path = MathForwardDeclaration.h; sourceTree = "<group>"; };
		A7C6FE691090D4BD008A55E1 /* Matrix4x4.cpp */ = {isa = PBXFileReference; fileEncoding = 4; lastKnownFileType = sourcecode.cpp.cpp; path = Matrix4x4.cpp; sourceTree = "<group>"; };
		A7C6FE6A1090D4BD008A55E1 /* Matrix4x4.h */ = {isa = PBXFileReference; fileEncoding = 4; lastKnownFileType = sourcecode.c.h; path = Matrix4x4.h; sourceTree = "<group>"; };
		A7C6FE6B1090D4BD008A55E1 /* Plane.cpp */ = {isa = PBXFileReference; fileEncoding = 4; lastKnownFileType = sourcecode.cpp.cpp; path = Plane.cpp; sourceTree = "<group>"; };
		A7C6FE6C1090D4BD008A55E1 /* Plane.h */ = {isa = PBXFileReference; fileEncoding = 4; lastKnownFileType = sourcecode.c.h; path = Plane.h; sourceTree = "<group>"; };
		A7C6FE6D1090D4BD008A55E1 /* Quaternion.cpp */ = {isa = PBXFileReference; fileEncoding = 4; lastKnownFileType = sourcecode.cpp.cpp; path = Quaternion.cpp; sourceTree = "<group>"; };
		A7C6FE6E1090D4BD008A55E1 /* Quaternion.h */ = {isa = PBXFileReference; fileEncoding = 4; lastKnownFileType = sourcecode.c.h; path = Quaternion.h; sourceTree = "<group>"; };
		A7C6FE6F1090D4BD008A55E1 /* Vector2D.cpp */ = {isa = PBXFileReference; fileEncoding = 4; lastKnownFileType = sourcecode.cpp.cpp; path = Vector2D.cpp; sourceTree = "<group>"; };
		A7C6FE701090D4BD008A55E1 /* Vector2D.h */ = {isa = PBXFileReference; fileEncoding = 4; lastKnownFileType = sourcecode.c.h; path = Vector2D.h; sourceTree = "<group>"; };
		A7C6FE711090D4BD008A55E1 /* Vector3D.cpp */ = {isa = PBXFileReference; fileEncoding = 4; lastKnownFileType = sourcecode.cpp.cpp; path = Vector3D.cpp; sourceTree = "<group>"; };
		A7C6FE721090D4BD008A55E1 /* Vector3D.h */ = {isa = PBXFileReference; fileEncoding = 4; lastKnownFileType = sourcecode.c.h; path = Vector3D.h; sourceTree = "<group>"; };
		A7C6FE731090D4BD008A55E1 /* OpenGLDrawing.cpp */ = {isa = PBXFileReference; fileEncoding = 4; lastKnownFileType = sourcecode.cpp.cpp; path = OpenGLDrawing.cpp; sourceTree = "<group>"; };
		A7C6FE741090D4BD008A55E1 /* OpenGLDrawing.h */ = {isa = PBXFileReference; fileEncoding = 4; lastKnownFileType = sourcecode.c.h; path = OpenGLDrawing.h; sourceTree = "<group>"; };
		A7C6FE8B1090D4E3008A55E1 /* AddItemWithStepsSheetController.h */ = {isa = PBXFileReference; fileEncoding = 4; lastKnownFileType = sourcecode.c.h; path = AddItemWithStepsSheetController.h; sourceTree = "<group>"; };
		A7C6FE8C1090D4E3008A55E1 /* AddItemWithStepsSheetController.m */ = {isa = PBXFileReference; fileEncoding = 4; lastKnownFileType = sourcecode.c.objc; path = AddItemWithStepsSheetController.m; sourceTree = "<group>"; };
		A7C6FE8D1090D4E3008A55E1 /* Item.h */ = {isa = PBXFileReference; fileEncoding = 4; lastKnownFileType = sourcecode.c.h; path = Item.h; sourceTree = "<group>"; };
		A7C6FE8E1090D4E3008A55E1 /* Item.mm */ = {isa = PBXFileReference; fileEncoding = 4; lastKnownFileType = sourcecode.cpp.objcpp; path = Item.mm; sourceTree = "<group>"; };
		A7C6FE8F1090D4E3008A55E1 /* ItemCollection.h */ = {isa = PBXFileReference; fileEncoding = 4; lastKnownFileType = sourcecode.c.h; path = ItemCollection.h; sourceTree = "<group>"; };
		A7C6FE901090D4E3008A55E1 /* ItemCollection.mm */ = {isa = PBXFileReference; fileEncoding = 4; lastKnownFileType = sourcecode.cpp.objcpp; path = ItemCollection.mm; sourceTree = "<group>"; };
		A7C6FE911090D4E3008A55E1 /* ItemManipulationState.h */ = {isa = PBXFileReference; fileEncoding = 4; lastKnownFileType = sourcecode.c.h; path = ItemManipulationState.h; sourceTree = "<group>"; };
		A7C6FE921090D4E3008A55E1 /* ItemManipulationState.mm */ = {isa = PBXFileReference; fileEncoding = 4; lastKnownFileType = sourcecode.cpp.objcpp; path = ItemManipulationState.mm; sourceTree = "<group>"; };
		A7C6FE931090D4E3008A55E1 /* Manipulator.h */ = {isa = PBXFileReference; fileEncoding = 4; lastKnownFileType = sourcecode.c.h; path = Manipulator.h; sourceTree = "<group>"; };
		A7C6FE941090D4E3008A55E1 /* Manipulator.mm */ = {isa = PBXFileReference; fileEncoding = 4; lastKnownFileType = sourcecode.cpp.objcpp; path = Manipulator.mm; sourceTree = "<group>"; };
		A7C6FE951090D4E3008A55E1 /* ManipulatorWidget.h */ = {isa = PBXFileReference; fileEncoding = 4; lastKnownFileType = sourcecode.c.h; path = ManipulatorWidget.h; sourceTree = "<group>"; };
		A7C6FE961090D4E3008A55E1 /* ManipulatorWidget.mm */ = {isa = PBXFileReference; fileEncoding = 4; lastKnownFileType = sourcecode.cpp.objcpp; path = ManipulatorWidget.mm; sourceTree = "<group>"; };
		A7C6FE971090D4E3008A55E1 /* Mesh.h */ = {isa = PBXFileReference; fileEncoding = 4; lastKnownFileType = sourcecode.c.h; path = Mesh.h; sourceTree = "<group>"; };
		A7C6FE981090D4E3008A55E1 /* Mesh.mm */ = {isa = PBXFileReference; fileEncoding = 4; lastKnownFileType = sourcecode.cpp.objcpp; path = Mesh.mm; sourceTree = "<group>"; };
		A7C6FE991090D4E3008A55E1 /* MeshManipulationState.h */ = {isa = PBXFileReference; fileEncoding = 4; lastKnownFileType = sourcecode.c.h; path = MeshManipulationState.h; sourceTree = "<group>"; };
		A7C6FE9A1090D4E3008A55E1 /* MeshManipulationState.mm */ = {isa = PBXFileReference; fileEncoding = 4; lastKnownFileType = sourcecode.cpp.objcpp; path = MeshManipulationState.mm; sourceTree = "<group>"; };
		A7C6FE9B1090D4E3008A55E1 /* MyDocument.h */ = {isa = PBXFileReference; fileEncoding = 4; lastKnownFileType = sourcecode.c.h; path = MyDocument.h; sourceTree = "<group>"; };
		A7C6FE9C1090D4E3008A55E1 /* MyDocument.mm */ = {isa = PBXFileReference; fileEncoding = 4; lastKnownFileType = sourcecode.cpp.objcpp; path = MyDocument.mm; sourceTree = "<group>"; };
		A7C6FE9D1090D4E3008A55E1 /* OpenGLManipulating.h */ = {isa = PBXFileReference; fileEncoding = 4; lastKnownFileType = sourcecode.c.h; path = OpenGLManipulating.h; sourceTree = "<group>"; };
		A7C6FE9E1090D4E3008A55E1 /* OpenGLManipulatingController.h */ = {isa = PBXFileReference; fileEncoding = 4; lastKnownFileType = sourcecode.c.h; path = OpenGLManipulatingController.h; sourceTree = "<group>"; };
		A7C6FE9F1090D4E3008A55E1 /* OpenGLManipulatingController.mm */ = {isa = PBXFileReference; fileEncoding = 4; lastKnownFileType = sourcecode.cpp.objcpp; path = OpenGLManipulatingController.mm; sourceTree = "<group>"; };
		A7C6FEA01090D4E3008A55E1 /* OpenGLSceneView.h */ = {isa = PBXFileReference; fileEncoding = 4; lastKnownFileType = sourcecode.c.h; path = OpenGLSceneView.h; sourceTree = "<group>"; };
		A7C6FEA11090D4E3008A55E1 /* OpenGLSceneView.mm */ = {isa = PBXFileReference; fileEncoding = 4; lastKnownFileType = sourcecode.cpp.objcpp; path = OpenGLSceneView.mm; sourceTree = "<group>"; };
		A7C6FEA21090D4E3008A55E1 /* OpenGLSelecting.h */ = {isa = PBXFileReference; fileEncoding = 4; lastKnownFileType = sourcecode.c.h; path = OpenGLSelecting.h; sourceTree = "<group>"; };
		A7C6FEB01090D4FB008A55E1 /* MeshTest.mm */ = {isa = PBXFileReference; fileEncoding = 4; lastKnownFileType = sourcecode.cpp.objcpp; path = MeshTest.mm; sourceTree = "<group>"; };
		A7C6FEB21090D4FB008A55E1 /* MyDocumentTest.mm */ = {isa = PBXFileReference; fileEncoding = 4; lastKnownFileType = sourcecode.cpp.objcpp; path = MyDocumentTest.mm; sourceTree = "<group>"; };
		A7C6FEE91090D627008A55E1 /* English */ = {isa = PBXFileReference; lastKnownFileType = file.xib; name = English; path = English.lproj/AddItemWithStepsSheet.xib; sourceTree = "<group>"; };
		A7D7733A10A77DAC0068353E /* IndexedItem.h */ = {isa = PBXFileReference; fileEncoding = 4; lastKnownFileType = sourcecode.c.h; path = IndexedItem.h; sourceTree = "<group>"; };
		A7D7733B10A77DAC0068353E /* IndexedItem.mm */ = {isa = PBXFileReference; fileEncoding = 4; lastKnownFileType = sourcecode.cpp.objcpp; path = IndexedItem.mm; sourceTree = "<group>"; };
/* End PBXFileReference section */

/* Begin PBXFrameworksBuildPhase section */
		8D15AC330486D014006FF6A4 /* Frameworks */ = {
			isa = PBXFrameworksBuildPhase;
			buildActionMask = 2147483647;
			files = (
				8D15AC340486D014006FF6A4 /* Cocoa.framework in Frameworks */,
				A754C41E0FF92F8600A48E13 /* OpenGL.framework in Frameworks */,
				A754C4220FF92F9400A48E13 /* GLUT.framework in Frameworks */,
			);
			runOnlyForDeploymentPostprocessing = 0;
		};
		A7A96A4510222EE2003110A1 /* Frameworks */ = {
			isa = PBXFrameworksBuildPhase;
			buildActionMask = 2147483647;
			files = (
			);
			runOnlyForDeploymentPostprocessing = 0;
		};
/* End PBXFrameworksBuildPhase section */

/* Begin PBXGroup section */
		1058C7A6FEA54F5311CA2CBB /* Linked Frameworks */ = {
			isa = PBXGroup;
			children = (
				A754C4210FF92F9400A48E13 /* GLUT.framework */,
				A754C41D0FF92F8600A48E13 /* OpenGL.framework */,
				1058C7A7FEA54F5311CA2CBB /* Cocoa.framework */,
			);
			name = "Linked Frameworks";
			sourceTree = "<group>";
		};
		1058C7A8FEA54F5311CA2CBB /* Other Frameworks */ = {
			isa = PBXGroup;
			children = (
				2A37F4C4FDCFA73011CA2CEA /* AppKit.framework */,
				13E42FBA07B3F13500E4EEF1 /* CoreData.framework */,
				2A37F4C5FDCFA73011CA2CEA /* Foundation.framework */,
			);
			name = "Other Frameworks";
			sourceTree = "<group>";
		};
		19C28FB0FE9D524F11CA2CBB /* Products */ = {
			isa = PBXGroup;
			children = (
				8D15AC370486D014006FF6A4 /* OpenGLEditor.app */,
				A7A96A4810222EE2003110A1 /* Tests.octest */,
			);
			name = Products;
			sourceTree = "<group>";
		};
		2A37F4AAFDCFA73011CA2CEA /* OpenGLEditor */ = {
			isa = PBXGroup;
			children = (
				2A37F4ABFDCFA73011CA2CEA /* Classes */,
				2A37F4AFFDCFA73011CA2CEA /* Other Sources */,
				2A37F4B8FDCFA73011CA2CEA /* Resources */,
				2A37F4C3FDCFA73011CA2CEA /* Frameworks */,
				19C28FB0FE9D524F11CA2CBB /* Products */,
			);
			name = OpenGLEditor;
			sourceTree = "<group>";
		};
		2A37F4ABFDCFA73011CA2CEA /* Classes */ = {
			isa = PBXGroup;
			children = (
				A7C6FEAE1090D4FB008A55E1 /* ObjectiveCppTests */,
				A7C6FE8A1090D4E3008A55E1 /* ObjectiveCpp */,
				A7C6FE601090D4BD008A55E1 /* PureCpp */,
			);
			name = Classes;
			sourceTree = "<group>";
		};
		2A37F4AFFDCFA73011CA2CEA /* Other Sources */ = {
			isa = PBXGroup;
			children = (
				32DBCF750370BD2300C91783 /* OpenGLEditor_Prefix.pch */,
				2A37F4B0FDCFA73011CA2CEA /* main.m */,
			);
			name = "Other Sources";
			sourceTree = "<group>";
		};
		2A37F4B8FDCFA73011CA2CEA /* Resources */ = {
			isa = PBXGroup;
			children = (
				A7C6FEE81090D627008A55E1 /* AddItemWithStepsSheet.xib */,
				A7A96A4910222EE2003110A1 /* Tests-Info.plist */,
				2A37F4B9FDCFA73011CA2CEA /* Credits.rtf */,
				8D15AC360486D014006FF6A4 /* Info.plist */,
				089C165FFE840EACC02AAC07 /* InfoPlist.strings */,
				1DDD58280DA1D0D100B32029 /* MyDocument.xib */,
				1DDD582A0DA1D0D100B32029 /* MainMenu.xib */,
			);
			name = Resources;
			sourceTree = "<group>";
		};
		2A37F4C3FDCFA73011CA2CEA /* Frameworks */ = {
			isa = PBXGroup;
			children = (
				1058C7A6FEA54F5311CA2CBB /* Linked Frameworks */,
				1058C7A8FEA54F5311CA2CBB /* Other Frameworks */,
			);
			name = Frameworks;
			sourceTree = "<group>";
		};
		A7C6FE601090D4BD008A55E1 /* PureCpp */ = {
			isa = PBXGroup;
			children = (
				A7C6FE611090D4BD008A55E1 /* ImportExport */,
				A7C6FE641090D4BD008A55E1 /* MathCore */,
				A7C6FE731090D4BD008A55E1 /* OpenGLDrawing.cpp */,
				A7C6FE741090D4BD008A55E1 /* OpenGLDrawing.h */,
				A708937F109230A1005C254E /* MeshHelpers.h */,
				A7089380109230A1005C254E /* MeshHelpers.cpp */,
				A7A776EF109348AC0099DB45 /* Enums.h */,
			);
			path = PureCpp;
			sourceTree = "<group>";
		};
		A7C6FE611090D4BD008A55E1 /* ImportExport */ = {
			isa = PBXGroup;
			children = (
				A7C6FE621090D4BD008A55E1 /* TmdModel.cpp */,
				A7C6FE631090D4BD008A55E1 /* TmdModel.h */,
			);
			path = ImportExport;
			sourceTree = "<group>";
		};
		A7C6FE641090D4BD008A55E1 /* MathCore */ = {
			isa = PBXGroup;
			children = (
				A7C6FE651090D4BD008A55E1 /* Camera.cpp */,
				A7C6FE661090D4BD008A55E1 /* Camera.h */,
				A7C6FE671090D4BD008A55E1 /* MathDeclaration.h */,
				A7C6FE681090D4BD008A55E1 /* MathForwardDeclaration.h */,
				A7C6FE691090D4BD008A55E1 /* Matrix4x4.cpp */,
				A7C6FE6A1090D4BD008A55E1 /* Matrix4x4.h */,
				A7C6FE6B1090D4BD008A55E1 /* Plane.cpp */,
				A7C6FE6C1090D4BD008A55E1 /* Plane.h */,
				A7C6FE6D1090D4BD008A55E1 /* Quaternion.cpp */,
				A7C6FE6E1090D4BD008A55E1 /* Quaternion.h */,
				A7C6FE6F1090D4BD008A55E1 /* Vector2D.cpp */,
				A7C6FE701090D4BD008A55E1 /* Vector2D.h */,
				A7C6FE711090D4BD008A55E1 /* Vector3D.cpp */,
				A7C6FE721090D4BD008A55E1 /* Vector3D.h */,
			);
			path = MathCore;
			sourceTree = "<group>";
		};
		A7C6FE8A1090D4E3008A55E1 /* ObjectiveCpp */ = {
			isa = PBXGroup;
			children = (
				A7C6FE8B1090D4E3008A55E1 /* AddItemWithStepsSheetController.h */,
				A7C6FE8C1090D4E3008A55E1 /* AddItemWithStepsSheetController.m */,
				A7C6FE8D1090D4E3008A55E1 /* Item.h */,
				A7C6FE8E1090D4E3008A55E1 /* Item.mm */,
				A7C6FE8F1090D4E3008A55E1 /* ItemCollection.h */,
				A7C6FE901090D4E3008A55E1 /* ItemCollection.mm */,
				A7C6FE911090D4E3008A55E1 /* ItemManipulationState.h */,
				A7C6FE921090D4E3008A55E1 /* ItemManipulationState.mm */,
				A7C6FE931090D4E3008A55E1 /* Manipulator.h */,
				A7C6FE941090D4E3008A55E1 /* Manipulator.mm */,
				A7C6FE951090D4E3008A55E1 /* ManipulatorWidget.h */,
				A7C6FE961090D4E3008A55E1 /* ManipulatorWidget.mm */,
				A7C6FE971090D4E3008A55E1 /* Mesh.h */,
				A7C6FE981090D4E3008A55E1 /* Mesh.mm */,
				A7C6FE991090D4E3008A55E1 /* MeshManipulationState.h */,
				A7C6FE9A1090D4E3008A55E1 /* MeshManipulationState.mm */,
				A7C6FE9B1090D4E3008A55E1 /* MyDocument.h */,
				A7C6FE9C1090D4E3008A55E1 /* MyDocument.mm */,
				A7C6FE9D1090D4E3008A55E1 /* OpenGLManipulating.h */,
				A7C6FE9E1090D4E3008A55E1 /* OpenGLManipulatingController.h */,
				A7C6FE9F1090D4E3008A55E1 /* OpenGLManipulatingController.mm */,
				A7C6FEA01090D4E3008A55E1 /* OpenGLSceneView.h */,
				A7C6FEA11090D4E3008A55E1 /* OpenGLSceneView.mm */,
				A7C6FEA21090D4E3008A55E1 /* OpenGLSelecting.h */,
				A711A9A810986B6D00F02394 /* OpenGLManipulatingModel.h */,
				A7D7733A10A77DAC0068353E /* IndexedItem.h */,
				A7D7733B10A77DAC0068353E /* IndexedItem.mm */,
				A786AF4A10B9E2EC00D65415 /* MeshFullState.h */,
				A786AF4B10B9E2EC00D65415 /* MeshFullState.mm */,
			);
			path = ObjectiveCpp;
			sourceTree = "<group>";
		};
		A7C6FEAE1090D4FB008A55E1 /* ObjectiveCppTests */ = {
			isa = PBXGroup;
			children = (
				A7C6FEB01090D4FB008A55E1 /* MeshTest.mm */,
				A7C6FEB21090D4FB008A55E1 /* MyDocumentTest.mm */,
			);
			path = ObjectiveCppTests;
			sourceTree = "<group>";
		};
/* End PBXGroup section */

/* Begin PBXNativeTarget section */
		8D15AC270486D014006FF6A4 /* OpenGLEditor */ = {
			isa = PBXNativeTarget;
			buildConfigurationList = C05733C708A9546B00998B17 /* Build configuration list for PBXNativeTarget "OpenGLEditor" */;
			buildPhases = (
				8D15AC2B0486D014006FF6A4 /* Resources */,
				8D15AC300486D014006FF6A4 /* Sources */,
				8D15AC330486D014006FF6A4 /* Frameworks */,
			);
			buildRules = (
			);
			dependencies = (
			);
			name = OpenGLEditor;
			productInstallPath = "$(HOME)/Applications";
			productName = OpenGLEditor;
			productReference = 8D15AC370486D014006FF6A4 /* OpenGLEditor.app */;
			productType = "com.apple.product-type.application";
		};
		A7A96A4710222EE2003110A1 /* Tests */ = {
			isa = PBXNativeTarget;
			buildConfigurationList = A7A96A4C10222EE3003110A1 /* Build configuration list for PBXNativeTarget "Tests" */;
			buildPhases = (
				A7A96A4310222EE2003110A1 /* Resources */,
				A7A96A4410222EE2003110A1 /* Sources */,
				A7A96A4510222EE2003110A1 /* Frameworks */,
				A7A96A4610222EE2003110A1 /* ShellScript */,
			);
			buildRules = (
			);
			dependencies = (
				A7A96A4E10222F1D003110A1 /* PBXTargetDependency */,
			);
			name = Tests;
			productName = Tests;
			productReference = A7A96A4810222EE2003110A1 /* Tests.octest */;
			productType = "com.apple.product-type.bundle";
		};
/* End PBXNativeTarget section */

/* Begin PBXProject section */
		2A37F4A9FDCFA73011CA2CEA /* Project object */ = {
			isa = PBXProject;
			buildConfigurationList = C05733CB08A9546B00998B17 /* Build configuration list for PBXProject "OpenGLEditor" */;
			compatibilityVersion = "Xcode 3.2";
			hasScannedForEncodings = 1;
			mainGroup = 2A37F4AAFDCFA73011CA2CEA /* OpenGLEditor */;
			projectDirPath = "";
			projectRoot = "";
			targets = (
				8D15AC270486D014006FF6A4 /* OpenGLEditor */,
				A7A96A4710222EE2003110A1 /* Tests */,
			);
		};
/* End PBXProject section */

/* Begin PBXResourcesBuildPhase section */
		8D15AC2B0486D014006FF6A4 /* Resources */ = {
			isa = PBXResourcesBuildPhase;
			buildActionMask = 2147483647;
			files = (
				8D15AC2C0486D014006FF6A4 /* Credits.rtf in Resources */,
				8D15AC2F0486D014006FF6A4 /* InfoPlist.strings in Resources */,
				1DDD582C0DA1D0D100B32029 /* MyDocument.xib in Resources */,
				1DDD582D0DA1D0D100B32029 /* MainMenu.xib in Resources */,
				A7C6FEEA1090D627008A55E1 /* AddItemWithStepsSheet.xib in Resources */,
			);
			runOnlyForDeploymentPostprocessing = 0;
		};
		A7A96A4310222EE2003110A1 /* Resources */ = {
			isa = PBXResourcesBuildPhase;
			buildActionMask = 2147483647;
			files = (
			);
			runOnlyForDeploymentPostprocessing = 0;
		};
/* End PBXResourcesBuildPhase section */

/* Begin PBXShellScriptBuildPhase section */
		A7A96A4610222EE2003110A1 /* ShellScript */ = {
			isa = PBXShellScriptBuildPhase;
			buildActionMask = 2147483647;
			files = (
			);
			inputPaths = (
			);
			outputPaths = (
			);
			runOnlyForDeploymentPostprocessing = 0;
			shellPath = /bin/sh;
			shellScript = "# Run the unit tests in this test bundle.\n\"${SYSTEM_DEVELOPER_DIR}/Tools/RunUnitTests\"\n";
		};
/* End PBXShellScriptBuildPhase section */

/* Begin PBXSourcesBuildPhase section */
		8D15AC300486D014006FF6A4 /* Sources */ = {
			isa = PBXSourcesBuildPhase;
			buildActionMask = 2147483647;
			files = (
				8D15AC320486D014006FF6A4 /* main.m in Sources */,
				A7C6FE751090D4BD008A55E1 /* TmdModel.cpp in Sources */,
				A7C6FE761090D4BD008A55E1 /* Camera.cpp in Sources */,
				A7C6FE771090D4BD008A55E1 /* Matrix4x4.cpp in Sources */,
				A7C6FE781090D4BD008A55E1 /* Plane.cpp in Sources */,
				A7C6FE791090D4BD008A55E1 /* Quaternion.cpp in Sources */,
				A7C6FE7A1090D4BD008A55E1 /* Vector2D.cpp in Sources */,
				A7C6FE7B1090D4BD008A55E1 /* Vector3D.cpp in Sources */,
				A7C6FE7C1090D4BD008A55E1 /* OpenGLDrawing.cpp in Sources */,
				A7C6FEA31090D4E3008A55E1 /* AddItemWithStepsSheetController.m in Sources */,
				A7C6FEA41090D4E3008A55E1 /* Item.mm in Sources */,
				A7C6FEA51090D4E3008A55E1 /* ItemCollection.mm in Sources */,
				A7C6FEA61090D4E3008A55E1 /* ItemManipulationState.mm in Sources */,
				A7C6FEA71090D4E3008A55E1 /* Manipulator.mm in Sources */,
				A7C6FEA81090D4E3008A55E1 /* ManipulatorWidget.mm in Sources */,
				A7C6FEA91090D4E3008A55E1 /* Mesh.mm in Sources */,
				A7C6FEAA1090D4E3008A55E1 /* MeshManipulationState.mm in Sources */,
				A7C6FEAB1090D4E3008A55E1 /* MyDocument.mm in Sources */,
				A7C6FEAC1090D4E3008A55E1 /* OpenGLManipulatingController.mm in Sources */,
				A7C6FEAD1090D4E3008A55E1 /* OpenGLSceneView.mm in Sources */,
				A7089381109230A1005C254E /* MeshHelpers.cpp in Sources */,
				A7D7733C10A77DAC0068353E /* IndexedItem.mm in Sources */,
				A786AF4C10B9E2EC00D65415 /* MeshFullState.mm in Sources */,
			);
			runOnlyForDeploymentPostprocessing = 0;
		};
		A7A96A4410222EE2003110A1 /* Sources */ = {
			isa = PBXSourcesBuildPhase;
			buildActionMask = 2147483647;
			files = (
				A7C6FEBB1090D539008A55E1 /* MeshTest.mm in Sources */,
				A7C6FEBC1090D539008A55E1 /* MyDocumentTest.mm in Sources */,
			);
			runOnlyForDeploymentPostprocessing = 0;
		};
/* End PBXSourcesBuildPhase section */

/* Begin PBXTargetDependency section */
		A7A96A4E10222F1D003110A1 /* PBXTargetDependency */ = {
			isa = PBXTargetDependency;
			target = 8D15AC270486D014006FF6A4 /* OpenGLEditor */;
			targetProxy = A7A96A4D10222F1D003110A1 /* PBXContainerItemProxy */;
		};
/* End PBXTargetDependency section */

/* Begin PBXVariantGroup section */
		089C165FFE840EACC02AAC07 /* InfoPlist.strings */ = {
			isa = PBXVariantGroup;
			children = (
				089C1660FE840EACC02AAC07 /* English */,
			);
			name = InfoPlist.strings;
			sourceTree = "<group>";
		};
		1DDD58280DA1D0D100B32029 /* MyDocument.xib */ = {
			isa = PBXVariantGroup;
			children = (
				1DDD58290DA1D0D100B32029 /* English */,
			);
			name = MyDocument.xib;
			sourceTree = "<group>";
		};
		1DDD582A0DA1D0D100B32029 /* MainMenu.xib */ = {
			isa = PBXVariantGroup;
			children = (
				1DDD582B0DA1D0D100B32029 /* English */,
			);
			name = MainMenu.xib;
			sourceTree = "<group>";
		};
		2A37F4B9FDCFA73011CA2CEA /* Credits.rtf */ = {
			isa = PBXVariantGroup;
			children = (
				2A37F4BAFDCFA73011CA2CEA /* English */,
			);
			name = Credits.rtf;
			sourceTree = "<group>";
		};
		A7C6FEE81090D627008A55E1 /* AddItemWithStepsSheet.xib */ = {
			isa = PBXVariantGroup;
			children = (
				A7C6FEE91090D627008A55E1 /* English */,
			);
			name = AddItemWithStepsSheet.xib;
			sourceTree = "<group>";
		};
/* End PBXVariantGroup section */

/* Begin XCBuildConfiguration section */
		A7A96A4A10222EE3003110A1 /* Debug */ = {
			isa = XCBuildConfiguration;
			buildSettings = {
				ALWAYS_SEARCH_USER_PATHS = NO;
				BUNDLE_LOADER = "$(BUILT_PRODUCTS_DIR)/OpenGLEditor.app/Contents/MacOS/OpenGLEditor";
				COPY_PHASE_STRIP = NO;
				FRAMEWORK_SEARCH_PATHS = "$(DEVELOPER_LIBRARY_DIR)/Frameworks";
				GCC_DYNAMIC_NO_PIC = NO;
				GCC_ENABLE_FIX_AND_CONTINUE = NO;
				GCC_ENABLE_OBJC_EXCEPTIONS = YES;
				GCC_MODEL_TUNING = G5;
				GCC_OPTIMIZATION_LEVEL = 0;
				GCC_PRECOMPILE_PREFIX_HEADER = YES;
				GCC_PREFIX_HEADER = "$(SYSTEM_LIBRARY_DIR)/Frameworks/Cocoa.framework/Headers/Cocoa.h";
				INFOPLIST_FILE = "Tests-Info.plist";
				INSTALL_PATH = "$(USER_LIBRARY_DIR)/Bundles";
				OTHER_LDFLAGS = (
					"-framework",
					Cocoa,
					"-framework",
					SenTestingKit,
				);
				PREBINDING = NO;
				PRODUCT_NAME = Tests;
				TEST_HOST = "$(BUILT_PRODUCTS_DIR)/OpenGLEditor.app/Contents/MacOS/OpenGLEditor";
				WRAPPER_EXTENSION = octest;
			};
			name = Debug;
		};
		A7A96A4B10222EE3003110A1 /* Release */ = {
			isa = XCBuildConfiguration;
			buildSettings = {
				ALWAYS_SEARCH_USER_PATHS = NO;
				BUNDLE_LOADER = "$(BUILT_PRODUCTS_DIR)/OpenGLEditor.app/Contents/MacOS/OpenGLEditor";
				COPY_PHASE_STRIP = YES;
				DEBUG_INFORMATION_FORMAT = "dwarf-with-dsym";
				FRAMEWORK_SEARCH_PATHS = "$(DEVELOPER_LIBRARY_DIR)/Frameworks";
				GCC_ENABLE_FIX_AND_CONTINUE = NO;
				GCC_ENABLE_OBJC_EXCEPTIONS = YES;
				GCC_MODEL_TUNING = G5;
				GCC_PRECOMPILE_PREFIX_HEADER = YES;
				GCC_PREFIX_HEADER = "$(SYSTEM_LIBRARY_DIR)/Frameworks/Cocoa.framework/Headers/Cocoa.h";
				INFOPLIST_FILE = "Tests-Info.plist";
				INSTALL_PATH = "$(USER_LIBRARY_DIR)/Bundles";
				OTHER_LDFLAGS = (
					"-framework",
					Cocoa,
					"-framework",
					SenTestingKit,
				);
				PREBINDING = NO;
				PRODUCT_NAME = Tests;
				TEST_HOST = "$(BUILT_PRODUCTS_DIR)/OpenGLEditor.app/Contents/MacOS/OpenGLEditor";
				WRAPPER_EXTENSION = octest;
				ZERO_LINK = NO;
			};
			name = Release;
		};
		C05733C808A9546B00998B17 /* Debug */ = {
			isa = XCBuildConfiguration;
			buildSettings = {
				ALWAYS_SEARCH_USER_PATHS = NO;
				COPY_PHASE_STRIP = NO;
				GCC_DYNAMIC_NO_PIC = NO;
				GCC_ENABLE_FIX_AND_CONTINUE = YES;
				GCC_MODEL_TUNING = G5;
				GCC_OPTIMIZATION_LEVEL = 0;
				GCC_PRECOMPILE_PREFIX_HEADER = YES;
				GCC_PREFIX_HEADER = OpenGLEditor_Prefix.pch;
				INFOPLIST_FILE = Info.plist;
				INSTALL_PATH = "$(HOME)/Applications";
				PRODUCT_NAME = OpenGLEditor;
			};
			name = Debug;
		};
		C05733C908A9546B00998B17 /* Release */ = {
			isa = XCBuildConfiguration;
			buildSettings = {
				ALWAYS_SEARCH_USER_PATHS = NO;
				DEBUG_INFORMATION_FORMAT = "dwarf-with-dsym";
				GCC_MODEL_TUNING = G5;
				GCC_PRECOMPILE_PREFIX_HEADER = YES;
				GCC_PREFIX_HEADER = OpenGLEditor_Prefix.pch;
				INFOPLIST_FILE = Info.plist;
				INSTALL_PATH = "$(HOME)/Applications";
				PRODUCT_NAME = OpenGLEditor;
			};
			name = Release;
		};
		C05733CC08A9546B00998B17 /* Debug */ = {
			isa = XCBuildConfiguration;
			buildSettings = {
				ARCHS = "$(ARCHS_STANDARD_64_BIT)";
				GCC_C_LANGUAGE_STANDARD = c99;
				GCC_OBJC_CALL_CXX_CDTORS = NO;
				GCC_OPTIMIZATION_LEVEL = 0;
				GCC_TREAT_IMPLICIT_FUNCTION_DECLARATIONS_AS_ERRORS = YES;
				GCC_TREAT_WARNINGS_AS_ERRORS = YES;
				GCC_VERSION = "";
				GCC_WARN_ABOUT_RETURN_TYPE = YES;
				GCC_WARN_NON_VIRTUAL_DESTRUCTOR = YES;
				GCC_WARN_SIGN_COMPARE = YES;
				GCC_WARN_UNUSED_PARAMETER = NO;
				GCC_WARN_UNUSED_VARIABLE = YES;
				ONLY_ACTIVE_ARCH = YES;
				PREBINDING = NO;
				SDKROOT = macosx10.6;
			};
			name = Debug;
		};
		C05733CD08A9546B00998B17 /* Release */ = {
			isa = XCBuildConfiguration;
			buildSettings = {
				ARCHS = "$(ARCHS_STANDARD_64_BIT)";
				GCC_C_LANGUAGE_STANDARD = c99;
				GCC_OBJC_CALL_CXX_CDTORS = NO;
				GCC_TREAT_IMPLICIT_FUNCTION_DECLARATIONS_AS_ERRORS = YES;
				GCC_TREAT_WARNINGS_AS_ERRORS = YES;
				GCC_WARN_ABOUT_RETURN_TYPE = YES;
				GCC_WARN_NON_VIRTUAL_DESTRUCTOR = YES;
				GCC_WARN_SIGN_COMPARE = YES;
				GCC_WARN_UNUSED_PARAMETER = NO;
				GCC_WARN_UNUSED_VARIABLE = YES;
				PREBINDING = NO;
				SDKROOT = macosx10.6;
			};
			name = Release;
		};
/* End XCBuildConfiguration section */

/* Begin XCConfigurationList section */
		A7A96A4C10222EE3003110A1 /* Build configuration list for PBXNativeTarget "Tests" */ = {
			isa = XCConfigurationList;
			buildConfigurations = (
				A7A96A4A10222EE3003110A1 /* Debug */,
				A7A96A4B10222EE3003110A1 /* Release */,
			);
			defaultConfigurationIsVisible = 0;
			defaultConfigurationName = Release;
		};
		C05733C708A9546B00998B17 /* Build configuration list for PBXNativeTarget "OpenGLEditor" */ = {
			isa = XCConfigurationList;
			buildConfigurations = (
				C05733C808A9546B00998B17 /* Debug */,
				C05733C908A9546B00998B17 /* Release */,
			);
			defaultConfigurationIsVisible = 0;
			defaultConfigurationName = Release;
		};
		C05733CB08A9546B00998B17 /* Build configuration list for PBXProject "OpenGLEditor" */ = {
			isa = XCConfigurationList;
			buildConfigurations = (
				C05733CC08A9546B00998B17 /* Debug */,
				C05733CD08A9546B00998B17 /* Release */,
			);
			defaultConfigurationIsVisible = 0;
			defaultConfigurationName = Release;
		};
/* End XCConfigurationList section */
	};
	rootObject = 2A37F4A9FDCFA73011CA2CEA /* Project object */;
}
