// !$*UTF8*$!
{
	archiveVersion = 1;
	classes = {
	};
	objectVersion = 46;
	objects = {

/* Begin PBXBuildFile section */
		1DDD582C0DA1D0D100B32029 /* MyDocument.xib in Resources */ = {isa = PBXBuildFile; fileRef = 1DDD58280DA1D0D100B32029 /* MyDocument.xib */; };
		1DDD582D0DA1D0D100B32029 /* MainMenu.xib in Resources */ = {isa = PBXBuildFile; fileRef = 1DDD582A0DA1D0D100B32029 /* MainMenu.xib */; };
		8D15AC2F0486D014006FF6A4 /* InfoPlist.strings in Resources */ = {isa = PBXBuildFile; fileRef = 089C165FFE840EACC02AAC07 /* InfoPlist.strings */; };
		8D15AC320486D014006FF6A4 /* main.m in Sources */ = {isa = PBXBuildFile; fileRef = 2A37F4B0FDCFA73011CA2CEA /* main.m */; settings = {ATTRIBUTES = (); }; };
		8D15AC340486D014006FF6A4 /* Cocoa.framework in Frameworks */ = {isa = PBXBuildFile; fileRef = 1058C7A7FEA54F5311CA2CBB /* Cocoa.framework */; };
		A7041937169A140E0082864F /* OpenGLSceneViewCore.mm in Sources */ = {isa = PBXBuildFile; fileRef = A7041935169A140E0082864F /* OpenGLSceneViewCore.mm */; };
		A7064C6D12BD107800B14CFA /* AddItemWithStepsSheetController.m in Sources */ = {isa = PBXBuildFile; fileRef = A7064C3B12BD107800B14CFA /* AddItemWithStepsSheetController.m */; };
		A7064C6E12BD107800B14CFA /* Camera.cpp in Sources */ = {isa = PBXBuildFile; fileRef = A7064C3C12BD107800B14CFA /* Camera.cpp */; };
		A7064C7012BD107800B14CFA /* Item.mm in Sources */ = {isa = PBXBuildFile; fileRef = A7064C4312BD107800B14CFA /* Item.mm */; };
		A7064C7112BD107800B14CFA /* ItemCollection.mm in Sources */ = {isa = PBXBuildFile; fileRef = A7064C4512BD107800B14CFA /* ItemCollection.mm */; };
		A7064C7312BD107800B14CFA /* Manipulator.mm in Sources */ = {isa = PBXBuildFile; fileRef = A7064C4912BD107800B14CFA /* Manipulator.mm */; };
		A7064C7412BD107800B14CFA /* ManipulatorWidget.mm in Sources */ = {isa = PBXBuildFile; fileRef = A7064C4B12BD107800B14CFA /* ManipulatorWidget.mm */; };
		A7064C7512BD107800B14CFA /* Matrix4x4.cpp in Sources */ = {isa = PBXBuildFile; fileRef = A7064C4E12BD107800B14CFA /* Matrix4x4.cpp */; };
		A7064C7812BD107800B14CFA /* MeshHelpers.mm in Sources */ = {isa = PBXBuildFile; fileRef = A7064C5412BD107800B14CFA /* MeshHelpers.mm */; };
		A7064C7A12BD107800B14CFA /* MyDocument.mm in Sources */ = {isa = PBXBuildFile; fileRef = A7064C5912BD107800B14CFA /* MyDocument.mm */; };
		A7064C7B12BD107800B14CFA /* OpenGLDrawing.mm in Sources */ = {isa = PBXBuildFile; fileRef = A7064C5A12BD107800B14CFA /* OpenGLDrawing.mm */; };
		A7064C7C12BD107800B14CFA /* OpenGLManipulatingController.mm in Sources */ = {isa = PBXBuildFile; fileRef = A7064C5E12BD107800B14CFA /* OpenGLManipulatingController.mm */; };
		A7064C7D12BD107800B14CFA /* OpenGLSceneView.mm in Sources */ = {isa = PBXBuildFile; fileRef = A7064C6112BD107800B14CFA /* OpenGLSceneView.mm */; };
		A7064C7E12BD107800B14CFA /* Quaternion.cpp in Sources */ = {isa = PBXBuildFile; fileRef = A7064C6312BD107800B14CFA /* Quaternion.cpp */; };
		A7064C7F12BD107800B14CFA /* Shader.mm in Sources */ = {isa = PBXBuildFile; fileRef = A7064C6612BD107800B14CFA /* Shader.mm */; };
		A7064C8012BD107800B14CFA /* ShaderProgram.mm in Sources */ = {isa = PBXBuildFile; fileRef = A7064C6812BD107800B14CFA /* ShaderProgram.mm */; };
		A7064C8112BD107800B14CFA /* Vector2D.cpp in Sources */ = {isa = PBXBuildFile; fileRef = A7064C6912BD107800B14CFA /* Vector2D.cpp */; };
		A7064C8212BD107800B14CFA /* Vector3D.cpp in Sources */ = {isa = PBXBuildFile; fileRef = A7064C6B12BD107800B14CFA /* Vector3D.cpp */; };
		A7064C8A12BD10C200B14CFA /* vertex.vs in Resources */ = {isa = PBXBuildFile; fileRef = A7064C8812BD10C200B14CFA /* vertex.vs */; };
		A7064C9312BD19F400B14CFA /* Cocoa.framework in Frameworks */ = {isa = PBXBuildFile; fileRef = A7064C9212BD19F400B14CFA /* Cocoa.framework */; };
		A7064C9812BD19F400B14CFA /* InfoPlist.strings in Resources */ = {isa = PBXBuildFile; fileRef = A7064C9612BD19F400B14CFA /* InfoPlist.strings */; };
		A718D5F81539714000589FFF /* FPTextureBrowserWindowController.mm in Sources */ = {isa = PBXBuildFile; fileRef = A718D5F61539714000589FFF /* FPTextureBrowserWindowController.mm */; };
		A718D5F91539714000589FFF /* FPTextureBrowserWindowController.xib in Resources */ = {isa = PBXBuildFile; fileRef = A718D5F71539714000589FFF /* FPTextureBrowserWindowController.xib */; };
		A720B09616470FFA00FDCC97 /* MGSFragaria.framework in Frameworks */ = {isa = PBXBuildFile; fileRef = A720B09416470E9600FDCC97 /* MGSFragaria.framework */; };
		A720B0971647100100FDCC97 /* MGSFragaria.framework in CopyFiles */ = {isa = PBXBuildFile; fileRef = A720B09416470E9600FDCC97 /* MGSFragaria.framework */; };
		A729F1791538B038002759BB /* SubdivisionTemplate.png in Resources */ = {isa = PBXBuildFile; fileRef = A729F1781538B038002759BB /* SubdivisionTemplate.png */; };
		A72F429C15F3CD8F008524C1 /* libosd.a in Frameworks */ = {isa = PBXBuildFile; fileRef = A72F429B15F3CD8F008524C1 /* libosd.a */; };
		A73659A013D228B100F9D7D1 /* CylinderTemplate.png in Resources */ = {isa = PBXBuildFile; fileRef = A736599D13D228B100F9D7D1 /* CylinderTemplate.png */; };
		A73659A113D228B100F9D7D1 /* MergeTemplate.png in Resources */ = {isa = PBXBuildFile; fileRef = A736599E13D228B100F9D7D1 /* MergeTemplate.png */; };
		A73659A213D228B100F9D7D1 /* SplitTemplate.png in Resources */ = {isa = PBXBuildFile; fileRef = A736599F13D228B100F9D7D1 /* SplitTemplate.png */; };
		A736FC26165C0B8400961DC1 /* fragment.fs in Resources */ = {isa = PBXBuildFile; fileRef = A736FC24165C0B2300961DC1 /* fragment.fs */; };
		A746510512BD1C5A0030EEB0 /* MeshTest.mm in Sources */ = {isa = PBXBuildFile; fileRef = A7064C8412BD109A00B14CFA /* MeshTest.mm */; };
		A746510612BD1C5A0030EEB0 /* MyDocumentTest.mm in Sources */ = {isa = PBXBuildFile; fileRef = A7064C8512BD109A00B14CFA /* MyDocumentTest.mm */; };
		A746510912BD1C940030EEB0 /* MeshHelpers.mm in Sources */ = {isa = PBXBuildFile; fileRef = A7064C5412BD107800B14CFA /* MeshHelpers.mm */; };
		A746510B12BD1C940030EEB0 /* Quaternion.cpp in Sources */ = {isa = PBXBuildFile; fileRef = A7064C6312BD107800B14CFA /* Quaternion.cpp */; };
		A746510D12BD1C940030EEB0 /* Vector2D.cpp in Sources */ = {isa = PBXBuildFile; fileRef = A7064C6912BD107800B14CFA /* Vector2D.cpp */; };
		A746510F12BD1C940030EEB0 /* Vector3D.cpp in Sources */ = {isa = PBXBuildFile; fileRef = A7064C6B12BD107800B14CFA /* Vector3D.cpp */; };
		A746511312BD1CB30030EEB0 /* Matrix4x4.cpp in Sources */ = {isa = PBXBuildFile; fileRef = A7064C4E12BD107800B14CFA /* Matrix4x4.cpp */; };
		A746511612BD1CBD0030EEB0 /* MyDocument.mm in Sources */ = {isa = PBXBuildFile; fileRef = A7064C5912BD107800B14CFA /* MyDocument.mm */; };
		A746511712BD1CCD0030EEB0 /* Camera.cpp in Sources */ = {isa = PBXBuildFile; fileRef = A7064C3C12BD107800B14CFA /* Camera.cpp */; };
		A746511C12BD1CCD0030EEB0 /* Item.mm in Sources */ = {isa = PBXBuildFile; fileRef = A7064C4312BD107800B14CFA /* Item.mm */; };
		A746511E12BD1CCD0030EEB0 /* ItemCollection.mm in Sources */ = {isa = PBXBuildFile; fileRef = A7064C4512BD107800B14CFA /* ItemCollection.mm */; };
		A746512612BD1CF60030EEB0 /* OpenGLSceneView.mm in Sources */ = {isa = PBXBuildFile; fileRef = A7064C6112BD107800B14CFA /* OpenGLSceneView.mm */; };
		A746512912BD1CF60030EEB0 /* Shader.mm in Sources */ = {isa = PBXBuildFile; fileRef = A7064C6612BD107800B14CFA /* Shader.mm */; };
		A746512B12BD1CF60030EEB0 /* ShaderProgram.mm in Sources */ = {isa = PBXBuildFile; fileRef = A7064C6812BD107800B14CFA /* ShaderProgram.mm */; };
		A746513112BD1D000030EEB0 /* Manipulator.mm in Sources */ = {isa = PBXBuildFile; fileRef = A7064C4912BD107800B14CFA /* Manipulator.mm */; };
		A746513312BD1D000030EEB0 /* ManipulatorWidget.mm in Sources */ = {isa = PBXBuildFile; fileRef = A7064C4B12BD107800B14CFA /* ManipulatorWidget.mm */; };
		A746513612BD1D000030EEB0 /* OpenGLDrawing.mm in Sources */ = {isa = PBXBuildFile; fileRef = A7064C5A12BD107800B14CFA /* OpenGLDrawing.mm */; };
		A746513A12BD1D000030EEB0 /* OpenGLManipulatingController.mm in Sources */ = {isa = PBXBuildFile; fileRef = A7064C5E12BD107800B14CFA /* OpenGLManipulatingController.mm */; };
		A748E71D165667D100084D58 /* MyDocument+archiving.mm in Sources */ = {isa = PBXBuildFile; fileRef = A748E71C165667D100084D58 /* MyDocument+archiving.mm */; };
		A74BF5A714FA9B2E006D7BA3 /* FPTexture.mm in Sources */ = {isa = PBXBuildFile; fileRef = A7FEB1FC13FF002E00473F8D /* FPTexture.mm */; };
		A74BF5B114FA9B2E006D7BA3 /* AddItemWithStepsSheetController.m in Sources */ = {isa = PBXBuildFile; fileRef = A7064C3B12BD107800B14CFA /* AddItemWithStepsSheetController.m */; };
		A74BF5C514FA9B2E006D7BA3 /* Mesh2.mm in Sources */ = {isa = PBXBuildFile; fileRef = A7A4873F13AE2ECA00C0C41B /* Mesh2.mm */; };
		A74BF5C614FA9B2E006D7BA3 /* Mesh2.drawing.mm in Sources */ = {isa = PBXBuildFile; fileRef = A7A4874213AE4E7A00C0C41B /* Mesh2.drawing.mm */; };
		A74BF5C714FA9B2E006D7BA3 /* Mesh2.make.mm in Sources */ = {isa = PBXBuildFile; fileRef = A7A4874613AE4EC300C0C41B /* Mesh2.make.mm */; };
		A74BF5D914FA9B2E006D7BA3 /* Triangle.mm in Sources */ = {isa = PBXBuildFile; fileRef = A7D0684814B9FD350091B657 /* Triangle.mm */; };
		A74BF5DE14FA9B6F006D7BA3 /* Vector4D.cpp in Sources */ = {isa = PBXBuildFile; fileRef = A7C692B314CDBFAA00180CA4 /* Vector4D.cpp */; };
		A754C41E0FF92F8600A48E13 /* OpenGL.framework in Frameworks */ = {isa = PBXBuildFile; fileRef = A754C41D0FF92F8600A48E13 /* OpenGL.framework */; };
		A767E0E4153B544700A175DE /* IcosahedronTemplate.png in Resources */ = {isa = PBXBuildFile; fileRef = A767E0E3153B544700A175DE /* IcosahedronTemplate.png */; };
		A76AF5E8151E331A0015E5B4 /* MemoryStream.m in Sources */ = {isa = PBXBuildFile; fileRef = A76AF5E7151E331A0015E5B4 /* MemoryStream.m */; };
		A76C2D271568F07200FEAAD5 /* PlaneTemplate.png in Resources */ = {isa = PBXBuildFile; fileRef = A76C2D261568F07200FEAAD5 /* PlaneTemplate.png */; };
		A7847C6E1658FB4D0073AB2A /* sameSize.js in Resources */ = {isa = PBXBuildFile; fileRef = A7847C6C1658FB310073AB2A /* sameSize.js */; };
		A787CC1013CF6F2C00D2A1FC /* RotateTemplate.png in Resources */ = {isa = PBXBuildFile; fileRef = A787CC0F13CF6F2C00D2A1FC /* RotateTemplate.png */; };
		A787CC1613CF717500D2A1FC /* CubeTemplate.png in Resources */ = {isa = PBXBuildFile; fileRef = A787CC1113CF717500D2A1FC /* CubeTemplate.png */; };
		A787CC1713CF717500D2A1FC /* ScaleTemplate.png in Resources */ = {isa = PBXBuildFile; fileRef = A787CC1213CF717500D2A1FC /* ScaleTemplate.png */; };
		A787CC1813CF717500D2A1FC /* SelectTemplate.png in Resources */ = {isa = PBXBuildFile; fileRef = A787CC1313CF717500D2A1FC /* SelectTemplate.png */; };
		A787CC1913CF717500D2A1FC /* SphereTemplate.png in Resources */ = {isa = PBXBuildFile; fileRef = A787CC1413CF717500D2A1FC /* SphereTemplate.png */; };
		A787CC1A13CF717500D2A1FC /* TranslateTemplate.png in Resources */ = {isa = PBXBuildFile; fileRef = A787CC1513CF717500D2A1FC /* TranslateTemplate.png */; };
		A78921A112BE507E006E1811 /* OpenGL.framework in Frameworks */ = {isa = PBXBuildFile; fileRef = A754C41D0FF92F8600A48E13 /* OpenGL.framework */; };
		A78BDDDD163BF7D800FFFACD /* JSWrappers.mm in Sources */ = {isa = PBXBuildFile; fileRef = A78BDDDC163BF7D800FFFACD /* JSWrappers.mm */; };
		A7A4874013AE2ECA00C0C41B /* Mesh2.mm in Sources */ = {isa = PBXBuildFile; fileRef = A7A4873F13AE2ECA00C0C41B /* Mesh2.mm */; };
		A7A4874313AE4E7A00C0C41B /* Mesh2.drawing.mm in Sources */ = {isa = PBXBuildFile; fileRef = A7A4874213AE4E7A00C0C41B /* Mesh2.drawing.mm */; };
		A7A4874713AE4EC300C0C41B /* Mesh2.make.mm in Sources */ = {isa = PBXBuildFile; fileRef = A7A4874613AE4EC300C0C41B /* Mesh2.make.mm */; };
		A7B76C9E1657CA6400CFAAE7 /* loopSubdivision.js in Resources */ = {isa = PBXBuildFile; fileRef = A7B76C981657CA4500CFAAE7 /* loopSubdivision.js */; };
		A7B76C9F1657CA6400CFAAE7 /* meshtest.js in Resources */ = {isa = PBXBuildFile; fileRef = A7B76C991657CA4500CFAAE7 /* meshtest.js */; };
		A7B76CA01657CA6400CFAAE7 /* quadify.js in Resources */ = {isa = PBXBuildFile; fileRef = A7B76C9A1657CA4500CFAAE7 /* quadify.js */; };
		A7BFCC101538D12A0076B712 /* Application.icns in Resources */ = {isa = PBXBuildFile; fileRef = A7BFCC0F1538D12A0076B712 /* Application.icns */; };
		A7C692B414CDBFAA00180CA4 /* Vector4D.cpp in Sources */ = {isa = PBXBuildFile; fileRef = A7C692B314CDBFAA00180CA4 /* Vector4D.cpp */; };
		A7C6FEEA1090D627008A55E1 /* AddItemWithStepsSheet.xib in Resources */ = {isa = PBXBuildFile; fileRef = A7C6FEE81090D627008A55E1 /* AddItemWithStepsSheet.xib */; };
		A7D0684914B9FD350091B657 /* Triangle.mm in Sources */ = {isa = PBXBuildFile; fileRef = A7D0684814B9FD350091B657 /* Triangle.mm */; };
		A7DF92C41514D352005E7EFC /* FPTexturePaintToolWindowController.m in Sources */ = {isa = PBXBuildFile; fileRef = A7DF92C21514D352005E7EFC /* FPTexturePaintToolWindowController.m */; };
		A7DF92C51514D352005E7EFC /* FPTexturePaintToolWindowController.xib in Resources */ = {isa = PBXBuildFile; fileRef = A7DF92C31514D352005E7EFC /* FPTexturePaintToolWindowController.xib */; };
		A7E8B3701631BDF500B8599D /* ScriptWindowController.mm in Sources */ = {isa = PBXBuildFile; fileRef = A7E8B36E1631BDF500B8599D /* ScriptWindowController.mm */; };
		A7E8B3711631BDF500B8599D /* ScriptWindowController.xib in Resources */ = {isa = PBXBuildFile; fileRef = A7E8B36F1631BDF500B8599D /* ScriptWindowController.xib */; };
		A7E8B3731631BF7F00B8599D /* WebKit.framework in Frameworks */ = {isa = PBXBuildFile; fileRef = A7E8B3721631BF7F00B8599D /* WebKit.framework */; };
		A7FBCD0E163B367900423D57 /* AppDelegate.m in Sources */ = {isa = PBXBuildFile; fileRef = A7FBCD0D163B367900423D57 /* AppDelegate.m */; };
		A7FD04DE1564508F002D0777 /* MemoryStream.m in Sources */ = {isa = PBXBuildFile; fileRef = A76AF5E7151E331A0015E5B4 /* MemoryStream.m */; };
		A7FEB1FD13FF002E00473F8D /* FPTexture.mm in Sources */ = {isa = PBXBuildFile; fileRef = A7FEB1FC13FF002E00473F8D /* FPTexture.mm */; };
		A7FEB20213FF01D200473F8D /* checker.png in Resources */ = {isa = PBXBuildFile; fileRef = A7FEB20113FF01D200473F8D /* checker.png */; };
/* End PBXBuildFile section */

/* Begin PBXCopyFilesBuildPhase section */
		A720B09316470E7500FDCC97 /* CopyFiles */ = {
			isa = PBXCopyFilesBuildPhase;
			buildActionMask = 2147483647;
			dstPath = "";
			dstSubfolderSpec = 10;
			files = (
				A720B0971647100100FDCC97 /* MGSFragaria.framework in CopyFiles */,
			);
			runOnlyForDeploymentPostprocessing = 0;
		};
/* End PBXCopyFilesBuildPhase section */

/* Begin PBXFileReference section */
		089C1660FE840EACC02AAC07 /* English */ = {isa = PBXFileReference; fileEncoding = 10; lastKnownFileType = text.plist.strings; name = English; path = English.lproj/InfoPlist.strings; sourceTree = "<group>"; };
		1058C7A7FEA54F5311CA2CBB /* Cocoa.framework */ = {isa = PBXFileReference; lastKnownFileType = wrapper.framework; name = Cocoa.framework; path = /System/Library/Frameworks/Cocoa.framework; sourceTree = "<absolute>"; };
		13E42FBA07B3F13500E4EEF1 /* CoreData.framework */ = {isa = PBXFileReference; lastKnownFileType = wrapper.framework; name = CoreData.framework; path = /System/Library/Frameworks/CoreData.framework; sourceTree = "<absolute>"; };
		1DDD58290DA1D0D100B32029 /* English */ = {isa = PBXFileReference; lastKnownFileType = file.xib; name = English; path = English.lproj/MyDocument.xib; sourceTree = "<group>"; };
		1DDD582B0DA1D0D100B32029 /* English */ = {isa = PBXFileReference; lastKnownFileType = file.xib; name = English; path = English.lproj/MainMenu.xib; sourceTree = "<group>"; };
		2A37F4B0FDCFA73011CA2CEA /* main.m */ = {isa = PBXFileReference; fileEncoding = 4; lastKnownFileType = sourcecode.c.objc; path = main.m; sourceTree = "<group>"; };
		2A37F4C4FDCFA73011CA2CEA /* AppKit.framework */ = {isa = PBXFileReference; lastKnownFileType = wrapper.framework; name = AppKit.framework; path = /System/Library/Frameworks/AppKit.framework; sourceTree = "<absolute>"; };
		2A37F4C5FDCFA73011CA2CEA /* Foundation.framework */ = {isa = PBXFileReference; lastKnownFileType = wrapper.framework; name = Foundation.framework; path = /System/Library/Frameworks/Foundation.framework; sourceTree = "<absolute>"; };
		32DBCF750370BD2300C91783 /* MeshMaker_Prefix.pch */ = {isa = PBXFileReference; fileEncoding = 4; lastKnownFileType = sourcecode.c.h; path = MeshMaker_Prefix.pch; sourceTree = "<group>"; };
		8D15AC360486D014006FF6A4 /* Info.plist */ = {isa = PBXFileReference; fileEncoding = 4; lastKnownFileType = text.plist.xml; path = Info.plist; sourceTree = "<group>"; };
		8D15AC370486D014006FF6A4 /* MeshMaker.app */ = {isa = PBXFileReference; explicitFileType = wrapper.application; includeInIndex = 0; path = MeshMaker.app; sourceTree = BUILT_PRODUCTS_DIR; };
		A7041935169A140E0082864F /* OpenGLSceneViewCore.mm */ = {isa = PBXFileReference; fileEncoding = 4; lastKnownFileType = sourcecode.cpp.objcpp; name = OpenGLSceneViewCore.mm; path = Classes/OpenGLSceneViewCore.mm; sourceTree = "<group>"; };
		A7041936169A140E0082864F /* OpenGLSceneViewCore.h */ = {isa = PBXFileReference; fileEncoding = 4; lastKnownFileType = sourcecode.c.h; name = OpenGLSceneViewCore.h; path = Classes/OpenGLSceneViewCore.h; sourceTree = "<group>"; };
		A7064C3A12BD107800B14CFA /* AddItemWithStepsSheetController.h */ = {isa = PBXFileReference; fileEncoding = 4; lastKnownFileType = sourcecode.c.h; name = AddItemWithStepsSheetController.h; path = Classes/AddItemWithStepsSheetController.h; sourceTree = "<group>"; };
		A7064C3B12BD107800B14CFA /* AddItemWithStepsSheetController.m */ = {isa = PBXFileReference; fileEncoding = 4; lastKnownFileType = sourcecode.c.objc; name = AddItemWithStepsSheetController.m; path = Classes/AddItemWithStepsSheetController.m; sourceTree = "<group>"; };
		A7064C3C12BD107800B14CFA /* Camera.cpp */ = {isa = PBXFileReference; fileEncoding = 4; lastKnownFileType = sourcecode.cpp.cpp; name = Camera.cpp; path = Classes/Camera.cpp; sourceTree = "<group>"; };
		A7064C3D12BD107800B14CFA /* Camera.h */ = {isa = PBXFileReference; fileEncoding = 4; lastKnownFileType = sourcecode.c.h; name = Camera.h; path = Classes/Camera.h; sourceTree = "<group>"; };
		A7064C3F12BD107800B14CFA /* Enums.h */ = {isa = PBXFileReference; fileEncoding = 4; lastKnownFileType = sourcecode.c.h; name = Enums.h; path = Classes/Enums.h; sourceTree = "<group>"; };
		A7064C4212BD107800B14CFA /* Item.h */ = {isa = PBXFileReference; fileEncoding = 4; lastKnownFileType = sourcecode.c.h; name = Item.h; path = Classes/Item.h; sourceTree = "<group>"; };
		A7064C4312BD107800B14CFA /* Item.mm */ = {isa = PBXFileReference; fileEncoding = 4; lastKnownFileType = sourcecode.cpp.objcpp; name = Item.mm; path = Classes/Item.mm; sourceTree = "<group>"; };
		A7064C4412BD107800B14CFA /* ItemCollection.h */ = {isa = PBXFileReference; fileEncoding = 4; lastKnownFileType = sourcecode.c.h; name = ItemCollection.h; path = Classes/ItemCollection.h; sourceTree = "<group>"; };
		A7064C4512BD107800B14CFA /* ItemCollection.mm */ = {isa = PBXFileReference; fileEncoding = 4; lastKnownFileType = sourcecode.cpp.objcpp; name = ItemCollection.mm; path = Classes/ItemCollection.mm; sourceTree = "<group>"; };
		A7064C4812BD107800B14CFA /* Manipulator.h */ = {isa = PBXFileReference; fileEncoding = 4; lastKnownFileType = sourcecode.c.h; name = Manipulator.h; path = Classes/Manipulator.h; sourceTree = "<group>"; };
		A7064C4912BD107800B14CFA /* Manipulator.mm */ = {isa = PBXFileReference; fileEncoding = 4; lastKnownFileType = sourcecode.cpp.objcpp; name = Manipulator.mm; path = Classes/Manipulator.mm; sourceTree = "<group>"; };
		A7064C4A12BD107800B14CFA /* ManipulatorWidget.h */ = {isa = PBXFileReference; fileEncoding = 4; lastKnownFileType = sourcecode.c.h; name = ManipulatorWidget.h; path = Classes/ManipulatorWidget.h; sourceTree = "<group>"; };
		A7064C4B12BD107800B14CFA /* ManipulatorWidget.mm */ = {isa = PBXFileReference; fileEncoding = 4; lastKnownFileType = sourcecode.cpp.objcpp; name = ManipulatorWidget.mm; path = Classes/ManipulatorWidget.mm; sourceTree = "<group>"; };
		A7064C4C12BD107800B14CFA /* MathDeclaration.h */ = {isa = PBXFileReference; fileEncoding = 4; lastKnownFileType = sourcecode.c.h; name = MathDeclaration.h; path = Classes/MathDeclaration.h; sourceTree = "<group>"; };
		A7064C4D12BD107800B14CFA /* MathForwardDeclaration.h */ = {isa = PBXFileReference; fileEncoding = 4; lastKnownFileType = sourcecode.c.h; name = MathForwardDeclaration.h; path = Classes/MathForwardDeclaration.h; sourceTree = "<group>"; };
		A7064C4E12BD107800B14CFA /* Matrix4x4.cpp */ = {isa = PBXFileReference; fileEncoding = 4; lastKnownFileType = sourcecode.cpp.cpp; name = Matrix4x4.cpp; path = Classes/Matrix4x4.cpp; sourceTree = "<group>"; };
		A7064C4F12BD107800B14CFA /* Matrix4x4.h */ = {isa = PBXFileReference; fileEncoding = 4; lastKnownFileType = sourcecode.c.h; name = Matrix4x4.h; path = Classes/Matrix4x4.h; sourceTree = "<group>"; };
		A7064C5412BD107800B14CFA /* MeshHelpers.mm */ = {isa = PBXFileReference; fileEncoding = 4; lastKnownFileType = sourcecode.cpp.objcpp; name = MeshHelpers.mm; path = Classes/MeshHelpers.mm; sourceTree = "<group>"; };
		A7064C5512BD107800B14CFA /* MeshHelpers.h */ = {isa = PBXFileReference; fileEncoding = 4; lastKnownFileType = sourcecode.c.h; name = MeshHelpers.h; path = Classes/MeshHelpers.h; sourceTree = "<group>"; };
		A7064C5812BD107800B14CFA /* MyDocument.h */ = {isa = PBXFileReference; fileEncoding = 4; lastKnownFileType = sourcecode.c.h; name = MyDocument.h; path = Classes/MyDocument.h; sourceTree = "<group>"; };
		A7064C5912BD107800B14CFA /* MyDocument.mm */ = {isa = PBXFileReference; fileEncoding = 4; lastKnownFileType = sourcecode.cpp.objcpp; name = MyDocument.mm; path = Classes/MyDocument.mm; sourceTree = "<group>"; };
		A7064C5A12BD107800B14CFA /* OpenGLDrawing.mm */ = {isa = PBXFileReference; fileEncoding = 4; lastKnownFileType = sourcecode.cpp.objcpp; name = OpenGLDrawing.mm; path = Classes/OpenGLDrawing.mm; sourceTree = "<group>"; };
		A7064C5B12BD107800B14CFA /* OpenGLDrawing.h */ = {isa = PBXFileReference; fileEncoding = 4; lastKnownFileType = sourcecode.c.h; name = OpenGLDrawing.h; path = Classes/OpenGLDrawing.h; sourceTree = "<group>"; };
		A7064C5C12BD107800B14CFA /* OpenGLManipulating.h */ = {isa = PBXFileReference; fileEncoding = 4; lastKnownFileType = sourcecode.c.h; name = OpenGLManipulating.h; path = Classes/OpenGLManipulating.h; sourceTree = "<group>"; };
		A7064C5D12BD107800B14CFA /* OpenGLManipulatingController.h */ = {isa = PBXFileReference; fileEncoding = 4; lastKnownFileType = sourcecode.c.h; name = OpenGLManipulatingController.h; path = Classes/OpenGLManipulatingController.h; sourceTree = "<group>"; };
		A7064C5E12BD107800B14CFA /* OpenGLManipulatingController.mm */ = {isa = PBXFileReference; fileEncoding = 4; lastKnownFileType = sourcecode.cpp.objcpp; name = OpenGLManipulatingController.mm; path = Classes/OpenGLManipulatingController.mm; sourceTree = "<group>"; };
		A7064C5F12BD107800B14CFA /* OpenGLManipulatingModel.h */ = {isa = PBXFileReference; fileEncoding = 4; lastKnownFileType = sourcecode.c.h; name = OpenGLManipulatingModel.h; path = Classes/OpenGLManipulatingModel.h; sourceTree = "<group>"; };
		A7064C6012BD107800B14CFA /* OpenGLSceneView.h */ = {isa = PBXFileReference; fileEncoding = 4; lastKnownFileType = sourcecode.c.h; name = OpenGLSceneView.h; path = Classes/OpenGLSceneView.h; sourceTree = "<group>"; };
		A7064C6112BD107800B14CFA /* OpenGLSceneView.mm */ = {isa = PBXFileReference; fileEncoding = 4; lastKnownFileType = sourcecode.cpp.objcpp; name = OpenGLSceneView.mm; path = Classes/OpenGLSceneView.mm; sourceTree = "<group>"; };
		A7064C6212BD107800B14CFA /* OpenGLSelecting.h */ = {isa = PBXFileReference; fileEncoding = 4; lastKnownFileType = sourcecode.c.h; name = OpenGLSelecting.h; path = Classes/OpenGLSelecting.h; sourceTree = "<group>"; };
		A7064C6312BD107800B14CFA /* Quaternion.cpp */ = {isa = PBXFileReference; fileEncoding = 4; lastKnownFileType = sourcecode.cpp.cpp; name = Quaternion.cpp; path = Classes/Quaternion.cpp; sourceTree = "<group>"; };
		A7064C6412BD107800B14CFA /* Quaternion.h */ = {isa = PBXFileReference; fileEncoding = 4; lastKnownFileType = sourcecode.c.h; name = Quaternion.h; path = Classes/Quaternion.h; sourceTree = "<group>"; };
		A7064C6512BD107800B14CFA /* Shader.h */ = {isa = PBXFileReference; fileEncoding = 4; lastKnownFileType = sourcecode.c.h; name = Shader.h; path = Classes/Shader.h; sourceTree = "<group>"; };
		A7064C6612BD107800B14CFA /* Shader.mm */ = {isa = PBXFileReference; fileEncoding = 4; lastKnownFileType = sourcecode.cpp.objcpp; name = Shader.mm; path = Classes/Shader.mm; sourceTree = "<group>"; };
		A7064C6712BD107800B14CFA /* ShaderProgram.h */ = {isa = PBXFileReference; fileEncoding = 4; lastKnownFileType = sourcecode.c.h; name = ShaderProgram.h; path = Classes/ShaderProgram.h; sourceTree = "<group>"; };
		A7064C6812BD107800B14CFA /* ShaderProgram.mm */ = {isa = PBXFileReference; fileEncoding = 4; lastKnownFileType = sourcecode.cpp.objcpp; name = ShaderProgram.mm; path = Classes/ShaderProgram.mm; sourceTree = "<group>"; };
		A7064C6912BD107800B14CFA /* Vector2D.cpp */ = {isa = PBXFileReference; fileEncoding = 4; lastKnownFileType = sourcecode.cpp.cpp; name = Vector2D.cpp; path = Classes/Vector2D.cpp; sourceTree = "<group>"; };
		A7064C6A12BD107800B14CFA /* Vector2D.h */ = {isa = PBXFileReference; fileEncoding = 4; lastKnownFileType = sourcecode.c.h; name = Vector2D.h; path = Classes/Vector2D.h; sourceTree = "<group>"; };
		A7064C6B12BD107800B14CFA /* Vector3D.cpp */ = {isa = PBXFileReference; fileEncoding = 4; lastKnownFileType = sourcecode.cpp.cpp; name = Vector3D.cpp; path = Classes/Vector3D.cpp; sourceTree = "<group>"; };
		A7064C6C12BD107800B14CFA /* Vector3D.h */ = {isa = PBXFileReference; fileEncoding = 4; lastKnownFileType = sourcecode.c.h; name = Vector3D.h; path = Classes/Vector3D.h; sourceTree = "<group>"; };
		A7064C8412BD109A00B14CFA /* MeshTest.mm */ = {isa = PBXFileReference; fileEncoding = 4; lastKnownFileType = sourcecode.cpp.objcpp; path = MeshTest.mm; sourceTree = "<group>"; };
		A7064C8512BD109A00B14CFA /* MyDocumentTest.mm */ = {isa = PBXFileReference; fileEncoding = 4; lastKnownFileType = sourcecode.cpp.objcpp; path = MyDocumentTest.mm; sourceTree = "<group>"; };
		A7064C8812BD10C200B14CFA /* vertex.vs */ = {isa = PBXFileReference; fileEncoding = 4; lastKnownFileType = sourcecode.glsl; path = vertex.vs; sourceTree = "<group>"; xcLanguageSpecificationIdentifier = xcode.lang.glsl; };
		A7064C9112BD19F400B14CFA /* MeshMaker-Tests.octest */ = {isa = PBXFileReference; explicitFileType = wrapper.cfbundle; includeInIndex = 0; path = "MeshMaker-Tests.octest"; sourceTree = BUILT_PRODUCTS_DIR; };
		A7064C9212BD19F400B14CFA /* Cocoa.framework */ = {isa = PBXFileReference; lastKnownFileType = wrapper.framework; name = Cocoa.framework; path = System/Library/Frameworks/Cocoa.framework; sourceTree = SDKROOT; };
		A7064C9412BD19F400B14CFA /* MeshMaker_Tests-Info.plist */ = {isa = PBXFileReference; lastKnownFileType = text.plist.xml; path = "MeshMaker_Tests-Info.plist"; sourceTree = "<group>"; };
		A7064C9512BD19F400B14CFA /* MeshMaker_Tests-Prefix.pch */ = {isa = PBXFileReference; lastKnownFileType = sourcecode.c.h; path = "MeshMaker_Tests-Prefix.pch"; sourceTree = "<group>"; };
		A7064C9712BD19F400B14CFA /* en */ = {isa = PBXFileReference; lastKnownFileType = text.plist.strings; name = en; path = en.lproj/InfoPlist.strings; sourceTree = "<group>"; };
		A718D5F51539714000589FFF /* FPTextureBrowserWindowController.h */ = {isa = PBXFileReference; fileEncoding = 4; lastKnownFileType = sourcecode.c.h; name = FPTextureBrowserWindowController.h; path = Classes/FPTextureBrowserWindowController.h; sourceTree = "<group>"; };
		A718D5F61539714000589FFF /* FPTextureBrowserWindowController.mm */ = {isa = PBXFileReference; fileEncoding = 4; lastKnownFileType = sourcecode.cpp.objcpp; name = FPTextureBrowserWindowController.mm; path = Classes/FPTextureBrowserWindowController.mm; sourceTree = "<group>"; };
		A718D5F71539714000589FFF /* FPTextureBrowserWindowController.xib */ = {isa = PBXFileReference; fileEncoding = 4; lastKnownFileType = file.xib; name = FPTextureBrowserWindowController.xib; path = Classes/FPTextureBrowserWindowController.xib; sourceTree = "<group>"; };
		A720B09416470E9600FDCC97 /* MGSFragaria.framework */ = {isa = PBXFileReference; explicitFileType = wrapper.framework; name = MGSFragaria.framework; path = "/Users/filipkunc/Library/Developer/Xcode/DerivedData/MeshMaker-baqktewznrqnwkchvptjdgcqmovn/Build/Products/Debug/MGSFragaria.framework"; sourceTree = "<absolute>"; };
		A729F1781538B038002759BB /* SubdivisionTemplate.png */ = {isa = PBXFileReference; lastKnownFileType = image.png; path = SubdivisionTemplate.png; sourceTree = "<group>"; };
		A72F429B15F3CD8F008524C1 /* libosd.a */ = {isa = PBXFileReference; lastKnownFileType = archive.ar; name = libosd.a; path = Submodules/OpenSubdiv/lib/Debug/libosd.a; sourceTree = "<group>"; };
		A736599D13D228B100F9D7D1 /* CylinderTemplate.png */ = {isa = PBXFileReference; lastKnownFileType = image.png; path = CylinderTemplate.png; sourceTree = "<group>"; };
		A736599E13D228B100F9D7D1 /* MergeTemplate.png */ = {isa = PBXFileReference; lastKnownFileType = image.png; path = MergeTemplate.png; sourceTree = "<group>"; };
		A736599F13D228B100F9D7D1 /* SplitTemplate.png */ = {isa = PBXFileReference; lastKnownFileType = image.png; path = SplitTemplate.png; sourceTree = "<group>"; };
		A736FC24165C0B2300961DC1 /* fragment.fs */ = {isa = PBXFileReference; explicitFileType = sourcecode.glsl; fileEncoding = 4; path = fragment.fs; sourceTree = "<group>"; };
		A73E3190151E409A00BCCEC2 /* MemoryStreaming.h */ = {isa = PBXFileReference; fileEncoding = 4; lastKnownFileType = sourcecode.c.h; name = MemoryStreaming.h; path = Classes/MemoryStreaming.h; sourceTree = "<group>"; };
		A748E71C165667D100084D58 /* MyDocument+archiving.mm */ = {isa = PBXFileReference; fileEncoding = 4; lastKnownFileType = sourcecode.cpp.objcpp; name = "MyDocument+archiving.mm"; path = "Classes/MyDocument+archiving.mm"; sourceTree = "<group>"; };
		A74FBFF5139A74AC00349A4C /* FPNode.h */ = {isa = PBXFileReference; fileEncoding = 4; lastKnownFileType = sourcecode.c.h; name = FPNode.h; path = Classes/FPNode.h; sourceTree = "<group>"; };
		A754C41D0FF92F8600A48E13 /* OpenGL.framework */ = {isa = PBXFileReference; lastKnownFileType = wrapper.framework; name = OpenGL.framework; path = /System/Library/Frameworks/OpenGL.framework; sourceTree = "<absolute>"; };
		A767E0E3153B544700A175DE /* IcosahedronTemplate.png */ = {isa = PBXFileReference; lastKnownFileType = image.png; path = IcosahedronTemplate.png; sourceTree = "<group>"; };
		A76AF5E6151E331A0015E5B4 /* MemoryStream.h */ = {isa = PBXFileReference; fileEncoding = 4; lastKnownFileType = sourcecode.c.h; name = MemoryStream.h; path = Classes/MemoryStream.h; sourceTree = "<group>"; };
		A76AF5E7151E331A0015E5B4 /* MemoryStream.m */ = {isa = PBXFileReference; fileEncoding = 4; lastKnownFileType = sourcecode.c.objc; name = MemoryStream.m; path = Classes/MemoryStream.m; sourceTree = "<group>"; };
		A76C2D261568F07200FEAAD5 /* PlaneTemplate.png */ = {isa = PBXFileReference; lastKnownFileType = image.png; path = PlaneTemplate.png; sourceTree = "<group>"; };
		A7847C6C1658FB310073AB2A /* sameSize.js */ = {isa = PBXFileReference; fileEncoding = 4; lastKnownFileType = sourcecode.javascript; path = sameSize.js; sourceTree = "<group>"; };
		A787CC0F13CF6F2C00D2A1FC /* RotateTemplate.png */ = {isa = PBXFileReference; lastKnownFileType = image.png; path = RotateTemplate.png; sourceTree = "<group>"; };
		A787CC1113CF717500D2A1FC /* CubeTemplate.png */ = {isa = PBXFileReference; lastKnownFileType = image.png; path = CubeTemplate.png; sourceTree = "<group>"; };
		A787CC1213CF717500D2A1FC /* ScaleTemplate.png */ = {isa = PBXFileReference; lastKnownFileType = image.png; path = ScaleTemplate.png; sourceTree = "<group>"; };
		A787CC1313CF717500D2A1FC /* SelectTemplate.png */ = {isa = PBXFileReference; lastKnownFileType = image.png; path = SelectTemplate.png; sourceTree = "<group>"; };
		A787CC1413CF717500D2A1FC /* SphereTemplate.png */ = {isa = PBXFileReference; lastKnownFileType = image.png; path = SphereTemplate.png; sourceTree = "<group>"; };
		A787CC1513CF717500D2A1FC /* TranslateTemplate.png */ = {isa = PBXFileReference; lastKnownFileType = image.png; path = TranslateTemplate.png; sourceTree = "<group>"; };
		A78BDDDB163BF7D800FFFACD /* JSWrappers.h */ = {isa = PBXFileReference; fileEncoding = 4; lastKnownFileType = sourcecode.c.h; name = JSWrappers.h; path = Classes/JSWrappers.h; sourceTree = "<group>"; };
		A78BDDDC163BF7D800FFFACD /* JSWrappers.mm */ = {isa = PBXFileReference; fileEncoding = 4; lastKnownFileType = sourcecode.cpp.objcpp; name = JSWrappers.mm; path = Classes/JSWrappers.mm; sourceTree = "<group>"; };
		A79F521E1394161B00CF7DBE /* FPList.h */ = {isa = PBXFileReference; fileEncoding = 4; lastKnownFileType = sourcecode.c.h; name = FPList.h; path = Classes/FPList.h; sourceTree = "<group>"; };
		A7A4873F13AE2ECA00C0C41B /* Mesh2.mm */ = {isa = PBXFileReference; fileEncoding = 4; lastKnownFileType = sourcecode.cpp.objcpp; lineEnding = 0; name = Mesh2.mm; path = Classes/Mesh2.mm; sourceTree = "<group>"; xcLanguageSpecificationIdentifier = xcode.lang.cpp; };
		A7A4874113AE2EF100C0C41B /* Mesh2.h */ = {isa = PBXFileReference; fileEncoding = 4; lastKnownFileType = sourcecode.c.h; name = Mesh2.h; path = Classes/Mesh2.h; sourceTree = "<group>"; };
		A7A4874213AE4E7A00C0C41B /* Mesh2.drawing.mm */ = {isa = PBXFileReference; fileEncoding = 4; lastKnownFileType = sourcecode.cpp.objcpp; name = Mesh2.drawing.mm; path = Classes/Mesh2.drawing.mm; sourceTree = "<group>"; };
		A7A4874613AE4EC300C0C41B /* Mesh2.make.mm */ = {isa = PBXFileReference; fileEncoding = 4; lastKnownFileType = sourcecode.cpp.objcpp; name = Mesh2.make.mm; path = Classes/Mesh2.make.mm; sourceTree = "<group>"; };
		A7A9695913DB328F0091975A /* FPArrayCache.h */ = {isa = PBXFileReference; fileEncoding = 4; lastKnownFileType = sourcecode.c.h; name = FPArrayCache.h; path = Classes/FPArrayCache.h; sourceTree = "<group>"; };
		A7A96A4910222EE2003110A1 /* Tests-Info.plist */ = {isa = PBXFileReference; lastKnownFileType = text.plist.xml; path = "Tests-Info.plist"; sourceTree = "<group>"; };
		A7B76C981657CA4500CFAAE7 /* loopSubdivision.js */ = {isa = PBXFileReference; fileEncoding = 4; lastKnownFileType = sourcecode.javascript; path = loopSubdivision.js; sourceTree = "<group>"; };
		A7B76C991657CA4500CFAAE7 /* meshtest.js */ = {isa = PBXFileReference; fileEncoding = 4; lastKnownFileType = sourcecode.javascript; path = meshtest.js; sourceTree = "<group>"; };
		A7B76C9A1657CA4500CFAAE7 /* quadify.js */ = {isa = PBXFileReference; fileEncoding = 4; lastKnownFileType = sourcecode.javascript; path = quadify.js; sourceTree = "<group>"; };
		A7BFCC0F1538D12A0076B712 /* Application.icns */ = {isa = PBXFileReference; lastKnownFileType = image.icns; path = Application.icns; sourceTree = "<group>"; };
		A7BFCC111538D6060076B712 /* MeshMaker.entitlements */ = {isa = PBXFileReference; lastKnownFileType = text.xml; path = MeshMaker.entitlements; sourceTree = "<group>"; };
		A7C692B314CDBFAA00180CA4 /* Vector4D.cpp */ = {isa = PBXFileReference; fileEncoding = 4; lastKnownFileType = sourcecode.cpp.cpp; name = Vector4D.cpp; path = Classes/Vector4D.cpp; sourceTree = "<group>"; };
		A7C692B514CDBFCC00180CA4 /* Vector4D.h */ = {isa = PBXFileReference; fileEncoding = 4; lastKnownFileType = sourcecode.c.h; name = Vector4D.h; path = Classes/Vector4D.h; sourceTree = "<group>"; };
		A7C6FEE91090D627008A55E1 /* English */ = {isa = PBXFileReference; lastKnownFileType = file.xib; name = English; path = English.lproj/AddItemWithStepsSheet.xib; sourceTree = "<group>"; };
		A7D0684814B9FD350091B657 /* Triangle.mm */ = {isa = PBXFileReference; fileEncoding = 4; lastKnownFileType = sourcecode.cpp.objcpp; name = Triangle.mm; path = Classes/Triangle.mm; sourceTree = "<group>"; };
		A7D0684C14B9FEC90091B657 /* Vertex.h */ = {isa = PBXFileReference; fileEncoding = 4; lastKnownFileType = sourcecode.c.h; name = Vertex.h; path = Classes/Vertex.h; sourceTree = "<group>"; };
		A7D0684E14B9FF300091B657 /* MeshForwardDeclaration.h */ = {isa = PBXFileReference; fileEncoding = 4; lastKnownFileType = sourcecode.c.h; name = MeshForwardDeclaration.h; path = Classes/MeshForwardDeclaration.h; sourceTree = "<group>"; };
		A7D0685014B9FFE90091B657 /* Triangle.h */ = {isa = PBXFileReference; fileEncoding = 4; lastKnownFileType = sourcecode.c.h; name = Triangle.h; path = Classes/Triangle.h; sourceTree = "<group>"; };
		A7D0685114BA00340091B657 /* VertexEdge.h */ = {isa = PBXFileReference; fileEncoding = 4; lastKnownFileType = sourcecode.c.h; name = VertexEdge.h; path = Classes/VertexEdge.h; sourceTree = "<group>"; };
		A7DF92C11514D352005E7EFC /* FPTexturePaintToolWindowController.h */ = {isa = PBXFileReference; fileEncoding = 4; lastKnownFileType = sourcecode.c.h; name = FPTexturePaintToolWindowController.h; path = Classes/FPTexturePaintToolWindowController.h; sourceTree = "<group>"; };
		A7DF92C21514D352005E7EFC /* FPTexturePaintToolWindowController.m */ = {isa = PBXFileReference; fileEncoding = 4; lastKnownFileType = sourcecode.c.objc; name = FPTexturePaintToolWindowController.m; path = Classes/FPTexturePaintToolWindowController.m; sourceTree = "<group>"; };
		A7DF92C31514D352005E7EFC /* FPTexturePaintToolWindowController.xib */ = {isa = PBXFileReference; fileEncoding = 4; lastKnownFileType = file.xib; name = FPTexturePaintToolWindowController.xib; path = Classes/FPTexturePaintToolWindowController.xib; sourceTree = "<group>"; };
		A7E44512139B999B00FEB4A6 /* SimpleNodeAndList.h */ = {isa = PBXFileReference; fileEncoding = 4; lastKnownFileType = sourcecode.c.h; name = SimpleNodeAndList.h; path = Classes/SimpleNodeAndList.h; sourceTree = "<group>"; };
		A7E8B36D1631BDF500B8599D /* ScriptWindowController.h */ = {isa = PBXFileReference; fileEncoding = 4; lastKnownFileType = sourcecode.c.h; name = ScriptWindowController.h; path = Classes/ScriptWindowController.h; sourceTree = "<group>"; };
		A7E8B36E1631BDF500B8599D /* ScriptWindowController.mm */ = {isa = PBXFileReference; fileEncoding = 4; lastKnownFileType = sourcecode.cpp.objcpp; name = ScriptWindowController.mm; path = Classes/ScriptWindowController.mm; sourceTree = "<group>"; };
		A7E8B36F1631BDF500B8599D /* ScriptWindowController.xib */ = {isa = PBXFileReference; fileEncoding = 4; lastKnownFileType = file.xib; name = ScriptWindowController.xib; path = Classes/ScriptWindowController.xib; sourceTree = "<group>"; };
		A7E8B3721631BF7F00B8599D /* WebKit.framework */ = {isa = PBXFileReference; lastKnownFileType = wrapper.framework; name = WebKit.framework; path = System/Library/Frameworks/WebKit.framework; sourceTree = SDKROOT; };
		A7FBCD0C163B367900423D57 /* AppDelegate.h */ = {isa = PBXFileReference; fileEncoding = 4; lastKnownFileType = sourcecode.c.h; name = AppDelegate.h; path = Classes/AppDelegate.h; sourceTree = "<group>"; };
		A7FBCD0D163B367900423D57 /* AppDelegate.m */ = {isa = PBXFileReference; fileEncoding = 4; lastKnownFileType = sourcecode.c.objc; name = AppDelegate.m; path = Classes/AppDelegate.m; sourceTree = "<group>"; };
		A7FEB1FB13FF002E00473F8D /* FPTexture.h */ = {isa = PBXFileReference; fileEncoding = 4; lastKnownFileType = sourcecode.c.h; name = FPTexture.h; path = Classes/FPTexture.h; sourceTree = "<group>"; };
		A7FEB1FC13FF002E00473F8D /* FPTexture.mm */ = {isa = PBXFileReference; fileEncoding = 4; lastKnownFileType = sourcecode.cpp.objcpp; name = FPTexture.mm; path = Classes/FPTexture.mm; sourceTree = "<group>"; };
		A7FEB20113FF01D200473F8D /* checker.png */ = {isa = PBXFileReference; lastKnownFileType = image.png; path = checker.png; sourceTree = "<group>"; };
/* End PBXFileReference section */

/* Begin PBXFrameworksBuildPhase section */
		8D15AC330486D014006FF6A4 /* Frameworks */ = {
			isa = PBXFrameworksBuildPhase;
			buildActionMask = 2147483647;
			files = (
				A720B09616470FFA00FDCC97 /* MGSFragaria.framework in Frameworks */,
				A7E8B3731631BF7F00B8599D /* WebKit.framework in Frameworks */,
				A72F429C15F3CD8F008524C1 /* libosd.a in Frameworks */,
				8D15AC340486D014006FF6A4 /* Cocoa.framework in Frameworks */,
				A754C41E0FF92F8600A48E13 /* OpenGL.framework in Frameworks */,
			);
			runOnlyForDeploymentPostprocessing = 0;
		};
		A7064C8D12BD19F400B14CFA /* Frameworks */ = {
			isa = PBXFrameworksBuildPhase;
			buildActionMask = 2147483647;
			files = (
				A7064C9312BD19F400B14CFA /* Cocoa.framework in Frameworks */,
				A78921A112BE507E006E1811 /* OpenGL.framework in Frameworks */,
			);
			runOnlyForDeploymentPostprocessing = 0;
		};
/* End PBXFrameworksBuildPhase section */

/* Begin PBXGroup section */
		1058C7A6FEA54F5311CA2CBB /* Linked Frameworks */ = {
			isa = PBXGroup;
			children = (
				A720B09416470E9600FDCC97 /* MGSFragaria.framework */,
				A7E8B3721631BF7F00B8599D /* WebKit.framework */,
				A754C41D0FF92F8600A48E13 /* OpenGL.framework */,
				1058C7A7FEA54F5311CA2CBB /* Cocoa.framework */,
			);
			name = "Linked Frameworks";
			sourceTree = "<group>";
		};
		1058C7A8FEA54F5311CA2CBB /* Other Frameworks */ = {
			isa = PBXGroup;
			children = (
				2A37F4C4FDCFA73011CA2CEA /* AppKit.framework */,
				13E42FBA07B3F13500E4EEF1 /* CoreData.framework */,
				2A37F4C5FDCFA73011CA2CEA /* Foundation.framework */,
			);
			name = "Other Frameworks";
			sourceTree = "<group>";
		};
		19C28FB0FE9D524F11CA2CBB /* Products */ = {
			isa = PBXGroup;
			children = (
				8D15AC370486D014006FF6A4 /* MeshMaker.app */,
				A7064C9112BD19F400B14CFA /* MeshMaker-Tests.octest */,
			);
			name = Products;
			sourceTree = "<group>";
		};
		2A37F4AAFDCFA73011CA2CEA /* OpenGLEditor */ = {
			isa = PBXGroup;
			children = (
				A7064C8312BD109A00B14CFA /* Tests */,
				A7521E8A10E675ED003D31E4 /* Shaders */,
				2A37F4ABFDCFA73011CA2CEA /* Classes */,
				2A37F4AFFDCFA73011CA2CEA /* Other Sources */,
				2A37F4B8FDCFA73011CA2CEA /* Resources */,
				2A37F4C3FDCFA73011CA2CEA /* Frameworks */,
				19C28FB0FE9D524F11CA2CBB /* Products */,
			);
			name = OpenGLEditor;
			sourceTree = "<group>";
		};
		2A37F4ABFDCFA73011CA2CEA /* Classes */ = {
			isa = PBXGroup;
			children = (
				A7FBCD0C163B367900423D57 /* AppDelegate.h */,
				A7FBCD0D163B367900423D57 /* AppDelegate.m */,
				A73E3190151E409A00BCCEC2 /* MemoryStreaming.h */,
				A7FEB1FB13FF002E00473F8D /* FPTexture.h */,
				A7FEB1FC13FF002E00473F8D /* FPTexture.mm */,
				A7A9695913DB328F0091975A /* FPArrayCache.h */,
				A74FBFF5139A74AC00349A4C /* FPNode.h */,
				A79F521E1394161B00CF7DBE /* FPList.h */,
				A7E44512139B999B00FEB4A6 /* SimpleNodeAndList.h */,
				A7064C3A12BD107800B14CFA /* AddItemWithStepsSheetController.h */,
				A7064C3B12BD107800B14CFA /* AddItemWithStepsSheetController.m */,
				A7064C3C12BD107800B14CFA /* Camera.cpp */,
				A7064C3D12BD107800B14CFA /* Camera.h */,
				A7064C3F12BD107800B14CFA /* Enums.h */,
				A7064C4212BD107800B14CFA /* Item.h */,
				A7064C4312BD107800B14CFA /* Item.mm */,
				A7064C4412BD107800B14CFA /* ItemCollection.h */,
				A7064C4512BD107800B14CFA /* ItemCollection.mm */,
				A7064C4812BD107800B14CFA /* Manipulator.h */,
				A7064C4912BD107800B14CFA /* Manipulator.mm */,
				A7064C4A12BD107800B14CFA /* ManipulatorWidget.h */,
				A7064C4B12BD107800B14CFA /* ManipulatorWidget.mm */,
				A7064C4C12BD107800B14CFA /* MathDeclaration.h */,
				A7064C4D12BD107800B14CFA /* MathForwardDeclaration.h */,
				A7064C4F12BD107800B14CFA /* Matrix4x4.h */,
				A7064C4E12BD107800B14CFA /* Matrix4x4.cpp */,
				A7064C6A12BD107800B14CFA /* Vector2D.h */,
				A7064C6912BD107800B14CFA /* Vector2D.cpp */,
				A7064C6C12BD107800B14CFA /* Vector3D.h */,
				A7064C6B12BD107800B14CFA /* Vector3D.cpp */,
				A7C692B514CDBFCC00180CA4 /* Vector4D.h */,
				A7C692B314CDBFAA00180CA4 /* Vector4D.cpp */,
				A7064C6412BD107800B14CFA /* Quaternion.h */,
				A7064C6312BD107800B14CFA /* Quaternion.cpp */,
				A7064C5812BD107800B14CFA /* MyDocument.h */,
				A7064C5912BD107800B14CFA /* MyDocument.mm */,
				A748E71C165667D100084D58 /* MyDocument+archiving.mm */,
				A7064C5A12BD107800B14CFA /* OpenGLDrawing.mm */,
				A7064C5B12BD107800B14CFA /* OpenGLDrawing.h */,
				A7064C5C12BD107800B14CFA /* OpenGLManipulating.h */,
				A7064C5D12BD107800B14CFA /* OpenGLManipulatingController.h */,
				A7064C5E12BD107800B14CFA /* OpenGLManipulatingController.mm */,
				A7064C5F12BD107800B14CFA /* OpenGLManipulatingModel.h */,
				A7064C6012BD107800B14CFA /* OpenGLSceneView.h */,
				A7064C6112BD107800B14CFA /* OpenGLSceneView.mm */,
				A7041936169A140E0082864F /* OpenGLSceneViewCore.h */,
				A7041935169A140E0082864F /* OpenGLSceneViewCore.mm */,
				A7064C6212BD107800B14CFA /* OpenGLSelecting.h */,
				A7064C6512BD107800B14CFA /* Shader.h */,
				A7064C6612BD107800B14CFA /* Shader.mm */,
				A7064C6712BD107800B14CFA /* ShaderProgram.h */,
				A7064C6812BD107800B14CFA /* ShaderProgram.mm */,
				A7064C5512BD107800B14CFA /* MeshHelpers.h */,
				A7064C5412BD107800B14CFA /* MeshHelpers.mm */,
				A7D0684E14B9FF300091B657 /* MeshForwardDeclaration.h */,
				A7A4874113AE2EF100C0C41B /* Mesh2.h */,
				A7A4873F13AE2ECA00C0C41B /* Mesh2.mm */,
				A7A4874213AE4E7A00C0C41B /* Mesh2.drawing.mm */,
				A7A4874613AE4EC300C0C41B /* Mesh2.make.mm */,
				A7D0684C14B9FEC90091B657 /* Vertex.h */,
				A7D0685014B9FFE90091B657 /* Triangle.h */,
				A7D0684814B9FD350091B657 /* Triangle.mm */,
				A7D0685114BA00340091B657 /* VertexEdge.h */,
				A7DF92C11514D352005E7EFC /* FPTexturePaintToolWindowController.h */,
				A7DF92C21514D352005E7EFC /* FPTexturePaintToolWindowController.m */,
				A7DF92C31514D352005E7EFC /* FPTexturePaintToolWindowController.xib */,
				A76AF5E6151E331A0015E5B4 /* MemoryStream.h */,
				A76AF5E7151E331A0015E5B4 /* MemoryStream.m */,
				A718D5F51539714000589FFF /* FPTextureBrowserWindowController.h */,
				A718D5F61539714000589FFF /* FPTextureBrowserWindowController.mm */,
				A718D5F71539714000589FFF /* FPTextureBrowserWindowController.xib */,
				A7E8B36D1631BDF500B8599D /* ScriptWindowController.h */,
				A7E8B36E1631BDF500B8599D /* ScriptWindowController.mm */,
				A7E8B36F1631BDF500B8599D /* ScriptWindowController.xib */,
				A78BDDDB163BF7D800FFFACD /* JSWrappers.h */,
				A78BDDDC163BF7D800FFFACD /* JSWrappers.mm */,
			);
			name = Classes;
			sourceTree = "<group>";
		};
		2A37F4AFFDCFA73011CA2CEA /* Other Sources */ = {
			isa = PBXGroup;
			children = (
				32DBCF750370BD2300C91783 /* MeshMaker_Prefix.pch */,
				2A37F4B0FDCFA73011CA2CEA /* main.m */,
				A7064C9512BD19F400B14CFA /* MeshMaker_Tests-Prefix.pch */,
			);
			name = "Other Sources";
			sourceTree = "<group>";
		};
		2A37F4B8FDCFA73011CA2CEA /* Resources */ = {
			isa = PBXGroup;
			children = (
				A7B76C971657CA4500CFAAE7 /* Scripts */,
				A7FEB20013FF01D200473F8D /* Textures */,
				A787CC0C13CF6F0400D2A1FC /* Icons */,
				A7BFCC0F1538D12A0076B712 /* Application.icns */,
				A7C6FEE81090D627008A55E1 /* AddItemWithStepsSheet.xib */,
				A7A96A4910222EE2003110A1 /* Tests-Info.plist */,
				8D15AC360486D014006FF6A4 /* Info.plist */,
				089C165FFE840EACC02AAC07 /* InfoPlist.strings */,
				1DDD58280DA1D0D100B32029 /* MyDocument.xib */,
				1DDD582A0DA1D0D100B32029 /* MainMenu.xib */,
				A7064C9412BD19F400B14CFA /* MeshMaker_Tests-Info.plist */,
				A7064C9612BD19F400B14CFA /* InfoPlist.strings */,
				A7BFCC111538D6060076B712 /* MeshMaker.entitlements */,
			);
			name = Resources;
			sourceTree = "<group>";
		};
		2A37F4C3FDCFA73011CA2CEA /* Frameworks */ = {
			isa = PBXGroup;
			children = (
				A72F429B15F3CD8F008524C1 /* libosd.a */,
				1058C7A6FEA54F5311CA2CBB /* Linked Frameworks */,
				1058C7A8FEA54F5311CA2CBB /* Other Frameworks */,
				A7064C9212BD19F400B14CFA /* Cocoa.framework */,
			);
			name = Frameworks;
			sourceTree = "<group>";
		};
		A7064C8312BD109A00B14CFA /* Tests */ = {
			isa = PBXGroup;
			children = (
				A7064C8412BD109A00B14CFA /* MeshTest.mm */,
				A7064C8512BD109A00B14CFA /* MyDocumentTest.mm */,
			);
			path = Tests;
			sourceTree = "<group>";
		};
		A7521E8A10E675ED003D31E4 /* Shaders */ = {
			isa = PBXGroup;
			children = (
				A7064C8812BD10C200B14CFA /* vertex.vs */,
				A736FC24165C0B2300961DC1 /* fragment.fs */,
			);
			path = Shaders;
			sourceTree = "<group>";
		};
		A787CC0C13CF6F0400D2A1FC /* Icons */ = {
			isa = PBXGroup;
			children = (
				A76C2D261568F07200FEAAD5 /* PlaneTemplate.png */,
				A767E0E3153B544700A175DE /* IcosahedronTemplate.png */,
				A729F1781538B038002759BB /* SubdivisionTemplate.png */,
				A736599D13D228B100F9D7D1 /* CylinderTemplate.png */,
				A736599E13D228B100F9D7D1 /* MergeTemplate.png */,
				A736599F13D228B100F9D7D1 /* SplitTemplate.png */,
				A787CC1113CF717500D2A1FC /* CubeTemplate.png */,
				A787CC1213CF717500D2A1FC /* ScaleTemplate.png */,
				A787CC1313CF717500D2A1FC /* SelectTemplate.png */,
				A787CC1413CF717500D2A1FC /* SphereTemplate.png */,
				A787CC1513CF717500D2A1FC /* TranslateTemplate.png */,
				A787CC0F13CF6F2C00D2A1FC /* RotateTemplate.png */,
			);
			path = Icons;
			sourceTree = "<group>";
		};
		A7B76C971657CA4500CFAAE7 /* Scripts */ = {
			isa = PBXGroup;
			children = (
				A7847C6C1658FB310073AB2A /* sameSize.js */,
				A7B76C981657CA4500CFAAE7 /* loopSubdivision.js */,
				A7B76C991657CA4500CFAAE7 /* meshtest.js */,
				A7B76C9A1657CA4500CFAAE7 /* quadify.js */,
			);
			path = Scripts;
			sourceTree = "<group>";
		};
		A7FEB20013FF01D200473F8D /* Textures */ = {
			isa = PBXGroup;
			children = (
				A7FEB20113FF01D200473F8D /* checker.png */,
			);
			path = Textures;
			sourceTree = "<group>";
		};
/* End PBXGroup section */

/* Begin PBXNativeTarget section */
		8D15AC270486D014006FF6A4 /* MeshMaker */ = {
			isa = PBXNativeTarget;
			buildConfigurationList = C05733C708A9546B00998B17 /* Build configuration list for PBXNativeTarget "MeshMaker" */;
			buildPhases = (
				8D15AC2B0486D014006FF6A4 /* Resources */,
				8D15AC300486D014006FF6A4 /* Sources */,
				8D15AC330486D014006FF6A4 /* Frameworks */,
				A720B09316470E7500FDCC97 /* CopyFiles */,
			);
			buildRules = (
			);
			dependencies = (
			);
			name = MeshMaker;
			productInstallPath = "$(HOME)/Applications";
			productName = OpenGLEditor;
			productReference = 8D15AC370486D014006FF6A4 /* MeshMaker.app */;
			productType = "com.apple.product-type.application";
		};
		A7064C9012BD19F400B14CFA /* MeshMaker-Tests */ = {
			isa = PBXNativeTarget;
			buildConfigurationList = A7064C9F12BD19F400B14CFA /* Build configuration list for PBXNativeTarget "MeshMaker-Tests" */;
			buildPhases = (
				A7064C8C12BD19F400B14CFA /* Sources */,
				A7064C8D12BD19F400B14CFA /* Frameworks */,
				A7064C8E12BD19F400B14CFA /* Resources */,
				A7064C8F12BD19F400B14CFA /* ShellScript */,
			);
			buildRules = (
			);
			dependencies = (
			);
			name = "MeshMaker-Tests";
			productName = "OpenGLEditor-Tests";
			productReference = A7064C9112BD19F400B14CFA /* MeshMaker-Tests.octest */;
			productType = "com.apple.product-type.bundle";
		};
/* End PBXNativeTarget section */

/* Begin PBXProject section */
		2A37F4A9FDCFA73011CA2CEA /* Project object */ = {
			isa = PBXProject;
			attributes = {
				LastUpgradeCheck = 0440;
			};
			buildConfigurationList = C05733CB08A9546B00998B17 /* Build configuration list for PBXProject "MeshMaker" */;
			compatibilityVersion = "Xcode 3.2";
			developmentRegion = English;
			hasScannedForEncodings = 1;
			knownRegions = (
				en,
				English,
			);
			mainGroup = 2A37F4AAFDCFA73011CA2CEA /* OpenGLEditor */;
			projectDirPath = "";
			projectRoot = "";
			targets = (
				8D15AC270486D014006FF6A4 /* MeshMaker */,
				A7064C9012BD19F400B14CFA /* MeshMaker-Tests */,
			);
		};
/* End PBXProject section */

/* Begin PBXResourcesBuildPhase section */
		8D15AC2B0486D014006FF6A4 /* Resources */ = {
			isa = PBXResourcesBuildPhase;
			buildActionMask = 2147483647;
			files = (
				A7847C6E1658FB4D0073AB2A /* sameSize.js in Resources */,
				A7B76C9E1657CA6400CFAAE7 /* loopSubdivision.js in Resources */,
				A7B76C9F1657CA6400CFAAE7 /* meshtest.js in Resources */,
				A7B76CA01657CA6400CFAAE7 /* quadify.js in Resources */,
				8D15AC2F0486D014006FF6A4 /* InfoPlist.strings in Resources */,
				1DDD582C0DA1D0D100B32029 /* MyDocument.xib in Resources */,
				1DDD582D0DA1D0D100B32029 /* MainMenu.xib in Resources */,
				A7C6FEEA1090D627008A55E1 /* AddItemWithStepsSheet.xib in Resources */,
				A7064C8A12BD10C200B14CFA /* vertex.vs in Resources */,
				A736FC26165C0B8400961DC1 /* fragment.fs in Resources */,
				A787CC1013CF6F2C00D2A1FC /* RotateTemplate.png in Resources */,
				A787CC1613CF717500D2A1FC /* CubeTemplate.png in Resources */,
				A787CC1713CF717500D2A1FC /* ScaleTemplate.png in Resources */,
				A787CC1813CF717500D2A1FC /* SelectTemplate.png in Resources */,
				A787CC1913CF717500D2A1FC /* SphereTemplate.png in Resources */,
				A787CC1A13CF717500D2A1FC /* TranslateTemplate.png in Resources */,
				A73659A013D228B100F9D7D1 /* CylinderTemplate.png in Resources */,
				A73659A113D228B100F9D7D1 /* MergeTemplate.png in Resources */,
				A73659A213D228B100F9D7D1 /* SplitTemplate.png in Resources */,
				A7FEB20213FF01D200473F8D /* checker.png in Resources */,
				A7DF92C51514D352005E7EFC /* FPTexturePaintToolWindowController.xib in Resources */,
				A729F1791538B038002759BB /* SubdivisionTemplate.png in Resources */,
				A7BFCC101538D12A0076B712 /* Application.icns in Resources */,
				A718D5F91539714000589FFF /* FPTextureBrowserWindowController.xib in Resources */,
				A767E0E4153B544700A175DE /* IcosahedronTemplate.png in Resources */,
				A76C2D271568F07200FEAAD5 /* PlaneTemplate.png in Resources */,
				A7E8B3711631BDF500B8599D /* ScriptWindowController.xib in Resources */,
			);
			runOnlyForDeploymentPostprocessing = 0;
		};
		A7064C8E12BD19F400B14CFA /* Resources */ = {
			isa = PBXResourcesBuildPhase;
			buildActionMask = 2147483647;
			files = (
				A7064C9812BD19F400B14CFA /* InfoPlist.strings in Resources */,
			);
			runOnlyForDeploymentPostprocessing = 0;
		};
/* End PBXResourcesBuildPhase section */

/* Begin PBXShellScriptBuildPhase section */
		A7064C8F12BD19F400B14CFA /* ShellScript */ = {
			isa = PBXShellScriptBuildPhase;
			buildActionMask = 2147483647;
			files = (
			);
			inputPaths = (
			);
			outputPaths = (
			);
			runOnlyForDeploymentPostprocessing = 0;
			shellPath = /bin/sh;
			shellScript = "# Run the unit tests in this test bundle.\n\"${SYSTEM_DEVELOPER_DIR}/Tools/RunUnitTests\"\n";
		};
/* End PBXShellScriptBuildPhase section */

/* Begin PBXSourcesBuildPhase section */
		8D15AC300486D014006FF6A4 /* Sources */ = {
			isa = PBXSourcesBuildPhase;
			buildActionMask = 2147483647;
			files = (
				8D15AC320486D014006FF6A4 /* main.m in Sources */,
				A7064C6D12BD107800B14CFA /* AddItemWithStepsSheetController.m in Sources */,
				A7064C6E12BD107800B14CFA /* Camera.cpp in Sources */,
				A7064C7012BD107800B14CFA /* Item.mm in Sources */,
				A7064C7112BD107800B14CFA /* ItemCollection.mm in Sources */,
				A7064C7312BD107800B14CFA /* Manipulator.mm in Sources */,
				A7064C7412BD107800B14CFA /* ManipulatorWidget.mm in Sources */,
				A7064C7512BD107800B14CFA /* Matrix4x4.cpp in Sources */,
				A7064C7812BD107800B14CFA /* MeshHelpers.mm in Sources */,
				A7064C7A12BD107800B14CFA /* MyDocument.mm in Sources */,
				A7064C7B12BD107800B14CFA /* OpenGLDrawing.mm in Sources */,
				A7064C7C12BD107800B14CFA /* OpenGLManipulatingController.mm in Sources */,
				A7064C7D12BD107800B14CFA /* OpenGLSceneView.mm in Sources */,
				A7064C7E12BD107800B14CFA /* Quaternion.cpp in Sources */,
				A7064C7F12BD107800B14CFA /* Shader.mm in Sources */,
				A7064C8012BD107800B14CFA /* ShaderProgram.mm in Sources */,
				A7064C8112BD107800B14CFA /* Vector2D.cpp in Sources */,
				A7064C8212BD107800B14CFA /* Vector3D.cpp in Sources */,
				A7A4874013AE2ECA00C0C41B /* Mesh2.mm in Sources */,
				A7A4874313AE4E7A00C0C41B /* Mesh2.drawing.mm in Sources */,
				A7A4874713AE4EC300C0C41B /* Mesh2.make.mm in Sources */,
				A7FEB1FD13FF002E00473F8D /* FPTexture.mm in Sources */,
				A7D0684914B9FD350091B657 /* Triangle.mm in Sources */,
				A7C692B414CDBFAA00180CA4 /* Vector4D.cpp in Sources */,
				A7DF92C41514D352005E7EFC /* FPTexturePaintToolWindowController.m in Sources */,
				A76AF5E8151E331A0015E5B4 /* MemoryStream.m in Sources */,
				A718D5F81539714000589FFF /* FPTextureBrowserWindowController.mm in Sources */,
				A7E8B3701631BDF500B8599D /* ScriptWindowController.mm in Sources */,
				A7FBCD0E163B367900423D57 /* AppDelegate.m in Sources */,
				A78BDDDD163BF7D800FFFACD /* JSWrappers.mm in Sources */,
				A748E71D165667D100084D58 /* MyDocument+archiving.mm in Sources */,
				A7041937169A140E0082864F /* OpenGLSceneViewCore.mm in Sources */,
			);
			runOnlyForDeploymentPostprocessing = 0;
		};
		A7064C8C12BD19F400B14CFA /* Sources */ = {
			isa = PBXSourcesBuildPhase;
			buildActionMask = 2147483647;
			files = (
				A7FD04DE1564508F002D0777 /* MemoryStream.m in Sources */,
				A74BF5DE14FA9B6F006D7BA3 /* Vector4D.cpp in Sources */,
				A74BF5A714FA9B2E006D7BA3 /* FPTexture.mm in Sources */,
				A74BF5B114FA9B2E006D7BA3 /* AddItemWithStepsSheetController.m in Sources */,
				A74BF5C514FA9B2E006D7BA3 /* Mesh2.mm in Sources */,
				A74BF5C614FA9B2E006D7BA3 /* Mesh2.drawing.mm in Sources */,
				A74BF5C714FA9B2E006D7BA3 /* Mesh2.make.mm in Sources */,
				A74BF5D914FA9B2E006D7BA3 /* Triangle.mm in Sources */,
				A746513112BD1D000030EEB0 /* Manipulator.mm in Sources */,
				A746513312BD1D000030EEB0 /* ManipulatorWidget.mm in Sources */,
				A746513612BD1D000030EEB0 /* OpenGLDrawing.mm in Sources */,
				A746513A12BD1D000030EEB0 /* OpenGLManipulatingController.mm in Sources */,
				A746512612BD1CF60030EEB0 /* OpenGLSceneView.mm in Sources */,
				A746512912BD1CF60030EEB0 /* Shader.mm in Sources */,
				A746512B12BD1CF60030EEB0 /* ShaderProgram.mm in Sources */,
				A746511712BD1CCD0030EEB0 /* Camera.cpp in Sources */,
				A746511C12BD1CCD0030EEB0 /* Item.mm in Sources */,
				A746511E12BD1CCD0030EEB0 /* ItemCollection.mm in Sources */,
				A746511612BD1CBD0030EEB0 /* MyDocument.mm in Sources */,
				A746511312BD1CB30030EEB0 /* Matrix4x4.cpp in Sources */,
				A746510912BD1C940030EEB0 /* MeshHelpers.mm in Sources */,
				A746510B12BD1C940030EEB0 /* Quaternion.cpp in Sources */,
				A746510D12BD1C940030EEB0 /* Vector2D.cpp in Sources */,
				A746510F12BD1C940030EEB0 /* Vector3D.cpp in Sources */,
				A746510512BD1C5A0030EEB0 /* MeshTest.mm in Sources */,
				A746510612BD1C5A0030EEB0 /* MyDocumentTest.mm in Sources */,
			);
			runOnlyForDeploymentPostprocessing = 0;
		};
/* End PBXSourcesBuildPhase section */

/* Begin PBXVariantGroup section */
		089C165FFE840EACC02AAC07 /* InfoPlist.strings */ = {
			isa = PBXVariantGroup;
			children = (
				089C1660FE840EACC02AAC07 /* English */,
			);
			name = InfoPlist.strings;
			sourceTree = "<group>";
		};
		1DDD58280DA1D0D100B32029 /* MyDocument.xib */ = {
			isa = PBXVariantGroup;
			children = (
				1DDD58290DA1D0D100B32029 /* English */,
			);
			name = MyDocument.xib;
			sourceTree = "<group>";
		};
		1DDD582A0DA1D0D100B32029 /* MainMenu.xib */ = {
			isa = PBXVariantGroup;
			children = (
				1DDD582B0DA1D0D100B32029 /* English */,
			);
			name = MainMenu.xib;
			sourceTree = "<group>";
		};
		A7064C9612BD19F400B14CFA /* InfoPlist.strings */ = {
			isa = PBXVariantGroup;
			children = (
				A7064C9712BD19F400B14CFA /* en */,
			);
			name = InfoPlist.strings;
			sourceTree = "<group>";
		};
		A7C6FEE81090D627008A55E1 /* AddItemWithStepsSheet.xib */ = {
			isa = PBXVariantGroup;
			children = (
				A7C6FEE91090D627008A55E1 /* English */,
			);
			name = AddItemWithStepsSheet.xib;
			sourceTree = "<group>";
		};
/* End PBXVariantGroup section */

/* Begin XCBuildConfiguration section */
		A7064C9D12BD19F400B14CFA /* Debug */ = {
			isa = XCBuildConfiguration;
			buildSettings = {
			};
			name = Debug;
		};
		A7064C9E12BD19F400B14CFA /* Release */ = {
			isa = XCBuildConfiguration;
			buildSettings = {
			};
			name = Release;
		};
		A7064CA012BD19F400B14CFA /* Debug */ = {
			isa = XCBuildConfiguration;
			buildSettings = {
				ALWAYS_SEARCH_USER_PATHS = NO;
				ARCHS = "$(ARCHS_STANDARD_64_BIT)";
				CLANG_WARN_OBJCPP_ARC_ABI = YES;
				COMBINE_HIDPI_IMAGES = YES;
				COPY_PHASE_STRIP = NO;
				FRAMEWORK_SEARCH_PATHS = "$(DEVELOPER_LIBRARY_DIR)/Frameworks";
				GCC_C_LANGUAGE_STANDARD = c99;
				GCC_DYNAMIC_NO_PIC = NO;
				GCC_ENABLE_OBJC_EXCEPTIONS = YES;
				GCC_PRECOMPILE_PREFIX_HEADER = YES;
				GCC_PREFIX_HEADER = "MeshMaker_Tests-Prefix.pch";
				GCC_PREPROCESSOR_DEFINITIONS = DEBUG;
				INFOPLIST_FILE = "MeshMaker_Tests-Info.plist";
				INSTALL_PATH = "$(USER_LIBRARY_DIR)/Bundles";
				LIBRARY_SEARCH_PATHS = (
					"$(inherited)",
					"\"$(SRCROOT)/OpenSubdiv\"",
				);
				MACOSX_DEPLOYMENT_TARGET = 10.7;
				OTHER_LDFLAGS = (
					"-framework",
					SenTestingKit,
				);
				PRODUCT_NAME = "MeshMaker-Tests";
				SDKROOT = macosx;
				WRAPPER_EXTENSION = octest;
			};
			name = Debug;
		};
		A7064CA112BD19F400B14CFA /* Release */ = {
			isa = XCBuildConfiguration;
			buildSettings = {
				ALWAYS_SEARCH_USER_PATHS = NO;
				ARCHS = "$(ARCHS_STANDARD_64_BIT)";
				CLANG_WARN_OBJCPP_ARC_ABI = YES;
				COMBINE_HIDPI_IMAGES = YES;
				COPY_PHASE_STRIP = YES;
				DEBUG_INFORMATION_FORMAT = "dwarf-with-dsym";
				FRAMEWORK_SEARCH_PATHS = "$(DEVELOPER_LIBRARY_DIR)/Frameworks";
				GCC_C_LANGUAGE_STANDARD = c99;
				GCC_ENABLE_OBJC_EXCEPTIONS = YES;
				GCC_PRECOMPILE_PREFIX_HEADER = YES;
				GCC_PREFIX_HEADER = "MeshMaker_Tests-Prefix.pch";
				INFOPLIST_FILE = "MeshMaker_Tests-Info.plist";
				INSTALL_PATH = "$(USER_LIBRARY_DIR)/Bundles";
				LIBRARY_SEARCH_PATHS = (
					"$(inherited)",
					"\"$(SRCROOT)/OpenSubdiv\"",
				);
				MACOSX_DEPLOYMENT_TARGET = 10.7;
				OTHER_LDFLAGS = (
					"-framework",
					SenTestingKit,
				);
				PRODUCT_NAME = "MeshMaker-Tests";
				SDKROOT = macosx;
				WRAPPER_EXTENSION = octest;
			};
			name = Release;
		};
		A7064CA212BD19F400B14CFA /* Debug */ = {
			isa = XCBuildConfiguration;
			buildSettings = {
				COPY_PHASE_STRIP = NO;
				GCC_DYNAMIC_NO_PIC = NO;
				GCC_OPTIMIZATION_LEVEL = 0;
				INFOPLIST_FILE = "MeshMaker_Tests-Info.plist";
				LIBRARY_SEARCH_PATHS = (
					"$(inherited)",
					"\"$(SRCROOT)/OpenSubdiv\"",
				);
				PRODUCT_NAME = "MeshMaker-Tests";
			};
			name = Debug;
		};
		A7064CA312BD19F400B14CFA /* Release */ = {
			isa = XCBuildConfiguration;
			buildSettings = {
				COPY_PHASE_STRIP = YES;
				DEBUG_INFORMATION_FORMAT = "dwarf-with-dsym";
				INFOPLIST_FILE = "MeshMaker_Tests-Info.plist";
				LIBRARY_SEARCH_PATHS = (
					"$(inherited)",
					"\"$(SRCROOT)/OpenSubdiv\"",
				);
				PRODUCT_NAME = "MeshMaker-Tests";
			};
			name = Release;
		};
		C05733C808A9546B00998B17 /* Debug */ = {
			isa = XCBuildConfiguration;
			buildSettings = {
				ALWAYS_SEARCH_USER_PATHS = NO;
				CLANG_CXX_LANGUAGE_STANDARD = "c++0x";
				CLANG_CXX_LIBRARY = "compiler-default";
				CLANG_ENABLE_OBJC_ARC = YES;
				CLANG_WARN_IMPLICIT_SIGN_CONVERSION = NO;
				CLANG_WARN_OBJCPP_ARC_ABI = YES;
				CLANG_WARN_SUSPICIOUS_IMPLICIT_CONVERSION = NO;
				CODE_SIGN_ENTITLEMENTS = MeshMaker.entitlements;
				CODE_SIGN_IDENTITY = "Mac Developer";
				COMBINE_HIDPI_IMAGES = YES;
				COPY_PHASE_STRIP = NO;
				FRAMEWORK_SEARCH_PATHS = (
					"$(inherited)",
					"\"$(SRCROOT)/../../Library/Developer/Xcode/DerivedData/MeshMaker-baqktewznrqnwkchvptjdgcqmovn/Build/Products/Debug\"",
				);
				GCC_C_LANGUAGE_STANDARD = "compiler-default";
				GCC_DYNAMIC_NO_PIC = NO;
				GCC_MODEL_TUNING = G5;
				GCC_OPTIMIZATION_LEVEL = 0;
				GCC_PRECOMPILE_PREFIX_HEADER = YES;
				GCC_PREFIX_HEADER = MeshMaker_Prefix.pch;
				GCC_SYMBOLS_PRIVATE_EXTERN = NO;
				GCC_TREAT_INCOMPATIBLE_POINTER_TYPE_WARNINGS_AS_ERRORS = YES;
				GCC_TREAT_WARNINGS_AS_ERRORS = NO;
				GCC_WARN_HIDDEN_VIRTUAL_FUNCTIONS = YES;
				GCC_WARN_SHADOW = NO;
				GCC_WARN_UNINITIALIZED_AUTOS = YES;
				HEADER_SEARCH_PATHS = (
					Submodules/OpenSubdiv/opensubdiv,
					Submodules/OpenSubdiv/regression,
				);
				INFOPLIST_FILE = Info.plist;
				INSTALL_PATH = "$(HOME)/Applications";
				LIBRARY_SEARCH_PATHS = (
					"$(inherited)",
					"\"$(SRCROOT)\"",
					"\"$(SRCROOT)/Submodules/OpenSubdiv/lib/Debug\"",
				);
				MACOSX_DEPLOYMENT_TARGET = 10.7;
				PRODUCT_NAME = MeshMaker;
				PROVISIONING_PROFILE = "";
				SDKROOT = macosx;
			};
			name = Debug;
		};
		C05733C908A9546B00998B17 /* Release */ = {
			isa = XCBuildConfiguration;
			buildSettings = {
				ALWAYS_SEARCH_USER_PATHS = NO;
				CLANG_CXX_LANGUAGE_STANDARD = "c++0x";
				CLANG_CXX_LIBRARY = "compiler-default";
				CLANG_ENABLE_OBJC_ARC = YES;
				CLANG_WARN_IMPLICIT_SIGN_CONVERSION = NO;
				CLANG_WARN_OBJCPP_ARC_ABI = YES;
				CLANG_WARN_SUSPICIOUS_IMPLICIT_CONVERSION = NO;
				CODE_SIGN_ENTITLEMENTS = MeshMaker.entitlements;
				CODE_SIGN_IDENTITY = "Mac Developer";
				COMBINE_HIDPI_IMAGES = YES;
				DEBUG_INFORMATION_FORMAT = "dwarf-with-dsym";
				FRAMEWORK_SEARCH_PATHS = (
					"$(inherited)",
					"\"$(SRCROOT)/../../Library/Developer/Xcode/DerivedData/MeshMaker-baqktewznrqnwkchvptjdgcqmovn/Build/Products/Debug\"",
				);
				GCC_C_LANGUAGE_STANDARD = "compiler-default";
				GCC_MODEL_TUNING = G5;
				GCC_PRECOMPILE_PREFIX_HEADER = YES;
				GCC_PREFIX_HEADER = MeshMaker_Prefix.pch;
				GCC_SYMBOLS_PRIVATE_EXTERN = NO;
				GCC_TREAT_INCOMPATIBLE_POINTER_TYPE_WARNINGS_AS_ERRORS = YES;
				GCC_TREAT_WARNINGS_AS_ERRORS = NO;
				GCC_WARN_HIDDEN_VIRTUAL_FUNCTIONS = YES;
				GCC_WARN_SHADOW = NO;
				GCC_WARN_UNINITIALIZED_AUTOS = YES;
				HEADER_SEARCH_PATHS = (
					Submodules/OpenSubdiv/opensubdiv,
					Submodules/OpenSubdiv/regression,
				);
				INFOPLIST_FILE = Info.plist;
				INSTALL_PATH = "$(HOME)/Applications";
				LIBRARY_SEARCH_PATHS = (
					"$(inherited)",
					"\"$(SRCROOT)\"",
					"\"$(SRCROOT)/Submodules/OpenSubdiv/lib/Release\"",
				);
				MACOSX_DEPLOYMENT_TARGET = 10.7;
				PRODUCT_NAME = MeshMaker;
				PROVISIONING_PROFILE = "";
				SDKROOT = macosx;
			};
			name = Release;
		};
		C05733CC08A9546B00998B17 /* Debug */ = {
			isa = XCBuildConfiguration;
			buildSettings = {
				ARCHS = "$(ARCHS_STANDARD_64_BIT)";
				CLANG_CXX_LANGUAGE_STANDARD = "c++0x";
				CLANG_CXX_LIBRARY = "libc++";
				CLANG_ENABLE_OBJC_ARC = YES;
				CODE_SIGN_IDENTITY = "Mac Developer";
				GCC_C_LANGUAGE_STANDARD = c99;
				GCC_OBJC_CALL_CXX_CDTORS = NO;
				GCC_OPTIMIZATION_LEVEL = 0;
				GCC_TREAT_IMPLICIT_FUNCTION_DECLARATIONS_AS_ERRORS = YES;
				GCC_TREAT_WARNINGS_AS_ERRORS = YES;
				GCC_VERSION = com.apple.compilers.llvm.clang.1_0;
				GCC_WARN_ABOUT_MISSING_PROTOTYPES = YES;
				GCC_WARN_ABOUT_RETURN_TYPE = YES;
				GCC_WARN_NON_VIRTUAL_DESTRUCTOR = YES;
				GCC_WARN_SIGN_COMPARE = YES;
				GCC_WARN_UNUSED_PARAMETER = NO;
				GCC_WARN_UNUSED_VARIABLE = YES;
				IBC_PLUGIN_SEARCH_PATHS = "";
				MACOSX_DEPLOYMENT_TARGET = 10.7;
				ONLY_ACTIVE_ARCH = YES;
				PROVISIONING_PROFILE = "";
				SDKROOT = macosx;
				USER_HEADER_SEARCH_PATHS = "";
			};
			name = Debug;
		};
		C05733CD08A9546B00998B17 /* Release */ = {
			isa = XCBuildConfiguration;
			buildSettings = {
				ARCHS = "$(ARCHS_STANDARD_64_BIT)";
				CLANG_CXX_LANGUAGE_STANDARD = "c++0x";
				CLANG_CXX_LIBRARY = "libc++";
				CLANG_ENABLE_OBJC_ARC = YES;
				CODE_SIGN_IDENTITY = "Mac Developer";
				GCC_C_LANGUAGE_STANDARD = c99;
				GCC_OBJC_CALL_CXX_CDTORS = NO;
				GCC_TREAT_IMPLICIT_FUNCTION_DECLARATIONS_AS_ERRORS = YES;
				GCC_TREAT_WARNINGS_AS_ERRORS = YES;
				GCC_VERSION = com.apple.compilers.llvm.clang.1_0;
				GCC_WARN_ABOUT_MISSING_PROTOTYPES = YES;
				GCC_WARN_ABOUT_RETURN_TYPE = YES;
				GCC_WARN_NON_VIRTUAL_DESTRUCTOR = YES;
				GCC_WARN_SIGN_COMPARE = YES;
				GCC_WARN_UNUSED_PARAMETER = NO;
				GCC_WARN_UNUSED_VARIABLE = YES;
				IBC_PLUGIN_SEARCH_PATHS = "";
				MACOSX_DEPLOYMENT_TARGET = 10.7;
				PROVISIONING_PROFILE = "";
				SDKROOT = macosx;
				USER_HEADER_SEARCH_PATHS = "";
			};
			name = Release;
		};
/* End XCBuildConfiguration section */

/* Begin XCConfigurationList section */
		A7064C9F12BD19F400B14CFA /* Build configuration list for PBXNativeTarget "MeshMaker-Tests" */ = {
			isa = XCConfigurationList;
			buildConfigurations = (
				A7064CA012BD19F400B14CFA /* Debug */,
				A7064CA112BD19F400B14CFA /* Release */,
				A7064CA212BD19F400B14CFA /* Debug */,
				A7064CA312BD19F400B14CFA /* Release */,
			);
			defaultConfigurationIsVisible = 0;
			defaultConfigurationName = Release;
		};
		C05733C708A9546B00998B17 /* Build configuration list for PBXNativeTarget "MeshMaker" */ = {
			isa = XCConfigurationList;
			buildConfigurations = (
				C05733C808A9546B00998B17 /* Debug */,
				C05733C908A9546B00998B17 /* Release */,
			);
			defaultConfigurationIsVisible = 0;
			defaultConfigurationName = Release;
		};
		C05733CB08A9546B00998B17 /* Build configuration list for PBXProject "MeshMaker" */ = {
			isa = XCConfigurationList;
			buildConfigurations = (
				C05733CC08A9546B00998B17 /* Debug */,
				C05733CD08A9546B00998B17 /* Release */,
				A7064C9D12BD19F400B14CFA /* Debug */,
				A7064C9E12BD19F400B14CFA /* Release */,
			);
			defaultConfigurationIsVisible = 0;
			defaultConfigurationName = Release;
		};
/* End XCConfigurationList section */
	};
	rootObject = 2A37F4A9FDCFA73011CA2CEA /* Project object */;
}
